// !$*UTF8*$!
{
	archiveVersion = 1;
	classes = {
	};
	objectVersion = 46;
	objects = {

/* Begin PBXBuildFile section */
		FA1C5CAC1BD485690047A2D5 /* SelectModelView.m in Sources */ = {isa = PBXBuildFile; fileRef = FA1C5CAB1BD485690047A2D5 /* SelectModelView.m */; settings = {ASSET_TAGS = (); }; };
		FA1C5CAF1BD49BDE0047A2D5 /* SheetView.m in Sources */ = {isa = PBXBuildFile; fileRef = FA1C5CAE1BD49BDE0047A2D5 /* SheetView.m */; settings = {ASSET_TAGS = (); }; };
		FA4686991BCF6CEF00AE2A51 /* main.m in Sources */ = {isa = PBXBuildFile; fileRef = FA4686981BCF6CEF00AE2A51 /* main.m */; };
		FA46869C1BCF6CEF00AE2A51 /* AppDelegate.m in Sources */ = {isa = PBXBuildFile; fileRef = FA46869B1BCF6CEF00AE2A51 /* AppDelegate.m */; };
		FA46869F1BCF6CEF00AE2A51 /* ViewController.m in Sources */ = {isa = PBXBuildFile; fileRef = FA46869E1BCF6CEF00AE2A51 /* ViewController.m */; };
		FA4686A21BCF6CEF00AE2A51 /* Main.storyboard in Resources */ = {isa = PBXBuildFile; fileRef = FA4686A01BCF6CEF00AE2A51 /* Main.storyboard */; };
		FA4686A41BCF6CEF00AE2A51 /* Assets.xcassets in Resources */ = {isa = PBXBuildFile; fileRef = FA4686A31BCF6CEF00AE2A51 /* Assets.xcassets */; };
		FA4686A71BCF6CEF00AE2A51 /* LaunchScreen.storyboard in Resources */ = {isa = PBXBuildFile; fileRef = FA4686A51BCF6CEF00AE2A51 /* LaunchScreen.storyboard */; };
		FA4686B01BCFA77900AE2A51 /* SelectView.m in Sources */ = {isa = PBXBuildFile; fileRef = FA4686AF1BCFA77900AE2A51 /* SelectView.m */; settings = {ASSET_TAGS = (); }; };
		FA4686B31BCFB33300AE2A51 /* FirstViewController.m in Sources */ = {isa = PBXBuildFile; fileRef = FA4686B21BCFB33300AE2A51 /* FirstViewController.m */; settings = {ASSET_TAGS = (); }; };
		FA4686B71BCFB7BD00AE2A51 /* FirstTableViewCell.m in Sources */ = {isa = PBXBuildFile; fileRef = FA4686B51BCFB7BD00AE2A51 /* FirstTableViewCell.m */; settings = {ASSET_TAGS = (); }; };
		FA4686B81BCFB7BD00AE2A51 /* FirstTableViewCell.xib in Resources */ = {isa = PBXBuildFile; fileRef = FA4686B61BCFB7BD00AE2A51 /* FirstTableViewCell.xib */; settings = {ASSET_TAGS = (); }; };
		FA4686BB1BCFDA7100AE2A51 /* TestSelectViewController.m in Sources */ = {isa = PBXBuildFile; fileRef = FA4686BA1BCFDA7100AE2A51 /* TestSelectViewController.m */; settings = {ASSET_TAGS = (); }; };
		FA4686BF1BCFE15600AE2A51 /* TestSelectTableViewCell.m in Sources */ = {isa = PBXBuildFile; fileRef = FA4686BD1BCFE15600AE2A51 /* TestSelectTableViewCell.m */; settings = {ASSET_TAGS = (); }; };
		FA4686C01BCFE15600AE2A51 /* TestSelectTableViewCell.xib in Resources */ = {isa = PBXBuildFile; fileRef = FA4686BE1BCFE15600AE2A51 /* TestSelectTableViewCell.xib */; settings = {ASSET_TAGS = (); }; };
		FA4687701BD07B5700AE2A51 /* 203.png in Resources */ = {isa = PBXBuildFile; fileRef = FA4686C71BD07B5700AE2A51 /* 203.png */; settings = {ASSET_TAGS = (); }; };
		FA4687711BD07B5700AE2A51 /* 204.png in Resources */ = {isa = PBXBuildFile; fileRef = FA4686C81BD07B5700AE2A51 /* 204.png */; settings = {ASSET_TAGS = (); }; };
		FA4687721BD07B5700AE2A51 /* 205.png in Resources */ = {isa = PBXBuildFile; fileRef = FA4686C91BD07B5700AE2A51 /* 205.png */; settings = {ASSET_TAGS = (); }; };
		FA4687731BD07B5700AE2A51 /* 206.png in Resources */ = {isa = PBXBuildFile; fileRef = FA4686CA1BD07B5700AE2A51 /* 206.png */; settings = {ASSET_TAGS = (); }; };
		FA4687741BD07B5700AE2A51 /* 207.png in Resources */ = {isa = PBXBuildFile; fileRef = FA4686CB1BD07B5700AE2A51 /* 207.png */; settings = {ASSET_TAGS = (); }; };
		FA4687751BD07B5700AE2A51 /* 208.png in Resources */ = {isa = PBXBuildFile; fileRef = FA4686CC1BD07B5700AE2A51 /* 208.png */; settings = {ASSET_TAGS = (); }; };
		FA4687761BD07B5700AE2A51 /* 209.png in Resources */ = {isa = PBXBuildFile; fileRef = FA4686CD1BD07B5700AE2A51 /* 209.png */; settings = {ASSET_TAGS = (); }; };
		FA4687771BD07B5700AE2A51 /* 210.png in Resources */ = {isa = PBXBuildFile; fileRef = FA4686CE1BD07B5700AE2A51 /* 210.png */; settings = {ASSET_TAGS = (); }; };
		FA4687781BD07B5700AE2A51 /* 211.png in Resources */ = {isa = PBXBuildFile; fileRef = FA4686CF1BD07B5700AE2A51 /* 211.png */; settings = {ASSET_TAGS = (); }; };
		FA4687791BD07B5700AE2A51 /* 212.png in Resources */ = {isa = PBXBuildFile; fileRef = FA4686D01BD07B5700AE2A51 /* 212.png */; settings = {ASSET_TAGS = (); }; };
		FA46877A1BD07B5700AE2A51 /* 213.png in Resources */ = {isa = PBXBuildFile; fileRef = FA4686D11BD07B5700AE2A51 /* 213.png */; settings = {ASSET_TAGS = (); }; };
		FA46877B1BD07B5700AE2A51 /* 214.png in Resources */ = {isa = PBXBuildFile; fileRef = FA4686D21BD07B5700AE2A51 /* 214.png */; settings = {ASSET_TAGS = (); }; };
		FA46877C1BD07B5700AE2A51 /* 215.png in Resources */ = {isa = PBXBuildFile; fileRef = FA4686D31BD07B5700AE2A51 /* 215.png */; settings = {ASSET_TAGS = (); }; };
		FA46877D1BD07B5700AE2A51 /* 216.png in Resources */ = {isa = PBXBuildFile; fileRef = FA4686D41BD07B5700AE2A51 /* 216.png */; settings = {ASSET_TAGS = (); }; };
		FA46877E1BD07B5700AE2A51 /* 217.png in Resources */ = {isa = PBXBuildFile; fileRef = FA4686D51BD07B5700AE2A51 /* 217.png */; settings = {ASSET_TAGS = (); }; };
		FA46877F1BD07B5700AE2A51 /* 218.png in Resources */ = {isa = PBXBuildFile; fileRef = FA4686D61BD07B5700AE2A51 /* 218.png */; settings = {ASSET_TAGS = (); }; };
		FA4687801BD07B5700AE2A51 /* 219.png in Resources */ = {isa = PBXBuildFile; fileRef = FA4686D71BD07B5700AE2A51 /* 219.png */; settings = {ASSET_TAGS = (); }; };
		FA4687811BD07B5700AE2A51 /* 220.png in Resources */ = {isa = PBXBuildFile; fileRef = FA4686D81BD07B5700AE2A51 /* 220.png */; settings = {ASSET_TAGS = (); }; };
		FA4687821BD07B5700AE2A51 /* 221.png in Resources */ = {isa = PBXBuildFile; fileRef = FA4686D91BD07B5700AE2A51 /* 221.png */; settings = {ASSET_TAGS = (); }; };
		FA4687831BD07B5700AE2A51 /* 222.png in Resources */ = {isa = PBXBuildFile; fileRef = FA4686DA1BD07B5700AE2A51 /* 222.png */; settings = {ASSET_TAGS = (); }; };
		FA4687841BD07B5700AE2A51 /* 223.png in Resources */ = {isa = PBXBuildFile; fileRef = FA4686DB1BD07B5700AE2A51 /* 223.png */; settings = {ASSET_TAGS = (); }; };
		FA4687851BD07B5700AE2A51 /* 224.png in Resources */ = {isa = PBXBuildFile; fileRef = FA4686DC1BD07B5700AE2A51 /* 224.png */; settings = {ASSET_TAGS = (); }; };
		FA4687861BD07B5700AE2A51 /* 225.png in Resources */ = {isa = PBXBuildFile; fileRef = FA4686DD1BD07B5700AE2A51 /* 225.png */; settings = {ASSET_TAGS = (); }; };
		FA4687871BD07B5700AE2A51 /* 226.png in Resources */ = {isa = PBXBuildFile; fileRef = FA4686DE1BD07B5700AE2A51 /* 226.png */; settings = {ASSET_TAGS = (); }; };
		FA4687881BD07B5700AE2A51 /* 227.png in Resources */ = {isa = PBXBuildFile; fileRef = FA4686DF1BD07B5700AE2A51 /* 227.png */; settings = {ASSET_TAGS = (); }; };
		FA4687891BD07B5700AE2A51 /* 228.png in Resources */ = {isa = PBXBuildFile; fileRef = FA4686E01BD07B5700AE2A51 /* 228.png */; settings = {ASSET_TAGS = (); }; };
		FA46878A1BD07B5700AE2A51 /* 229.png in Resources */ = {isa = PBXBuildFile; fileRef = FA4686E11BD07B5700AE2A51 /* 229.png */; settings = {ASSET_TAGS = (); }; };
		FA46878B1BD07B5700AE2A51 /* 230.png in Resources */ = {isa = PBXBuildFile; fileRef = FA4686E21BD07B5700AE2A51 /* 230.png */; settings = {ASSET_TAGS = (); }; };
		FA46878C1BD07B5700AE2A51 /* 231.png in Resources */ = {isa = PBXBuildFile; fileRef = FA4686E31BD07B5700AE2A51 /* 231.png */; settings = {ASSET_TAGS = (); }; };
		FA46878D1BD07B5700AE2A51 /* 232.png in Resources */ = {isa = PBXBuildFile; fileRef = FA4686E41BD07B5700AE2A51 /* 232.png */; settings = {ASSET_TAGS = (); }; };
		FA46878E1BD07B5700AE2A51 /* 233.png in Resources */ = {isa = PBXBuildFile; fileRef = FA4686E51BD07B5700AE2A51 /* 233.png */; settings = {ASSET_TAGS = (); }; };
		FA46878F1BD07B5700AE2A51 /* 234.png in Resources */ = {isa = PBXBuildFile; fileRef = FA4686E61BD07B5700AE2A51 /* 234.png */; settings = {ASSET_TAGS = (); }; };
		FA4687901BD07B5700AE2A51 /* 235.png in Resources */ = {isa = PBXBuildFile; fileRef = FA4686E71BD07B5700AE2A51 /* 235.png */; settings = {ASSET_TAGS = (); }; };
		FA4687911BD07B5700AE2A51 /* 236.png in Resources */ = {isa = PBXBuildFile; fileRef = FA4686E81BD07B5700AE2A51 /* 236.png */; settings = {ASSET_TAGS = (); }; };
		FA4687921BD07B5700AE2A51 /* 237.png in Resources */ = {isa = PBXBuildFile; fileRef = FA4686E91BD07B5700AE2A51 /* 237.png */; settings = {ASSET_TAGS = (); }; };
		FA4687931BD07B5700AE2A51 /* 238.png in Resources */ = {isa = PBXBuildFile; fileRef = FA4686EA1BD07B5700AE2A51 /* 238.png */; settings = {ASSET_TAGS = (); }; };
		FA4687941BD07B5700AE2A51 /* 239.png in Resources */ = {isa = PBXBuildFile; fileRef = FA4686EB1BD07B5700AE2A51 /* 239.png */; settings = {ASSET_TAGS = (); }; };
		FA4687951BD07B5700AE2A51 /* 240.png in Resources */ = {isa = PBXBuildFile; fileRef = FA4686EC1BD07B5700AE2A51 /* 240.png */; settings = {ASSET_TAGS = (); }; };
		FA4687961BD07B5700AE2A51 /* 241.png in Resources */ = {isa = PBXBuildFile; fileRef = FA4686ED1BD07B5700AE2A51 /* 241.png */; settings = {ASSET_TAGS = (); }; };
		FA4687971BD07B5700AE2A51 /* 242.png in Resources */ = {isa = PBXBuildFile; fileRef = FA4686EE1BD07B5700AE2A51 /* 242.png */; settings = {ASSET_TAGS = (); }; };
		FA4687981BD07B5700AE2A51 /* 243.png in Resources */ = {isa = PBXBuildFile; fileRef = FA4686EF1BD07B5700AE2A51 /* 243.png */; settings = {ASSET_TAGS = (); }; };
		FA4687991BD07B5700AE2A51 /* 244.png in Resources */ = {isa = PBXBuildFile; fileRef = FA4686F01BD07B5700AE2A51 /* 244.png */; settings = {ASSET_TAGS = (); }; };
		FA46879A1BD07B5700AE2A51 /* 245.png in Resources */ = {isa = PBXBuildFile; fileRef = FA4686F11BD07B5700AE2A51 /* 245.png */; settings = {ASSET_TAGS = (); }; };
		FA46879B1BD07B5700AE2A51 /* 246.png in Resources */ = {isa = PBXBuildFile; fileRef = FA4686F21BD07B5700AE2A51 /* 246.png */; settings = {ASSET_TAGS = (); }; };
		FA46879C1BD07B5700AE2A51 /* 247.png in Resources */ = {isa = PBXBuildFile; fileRef = FA4686F31BD07B5700AE2A51 /* 247.png */; settings = {ASSET_TAGS = (); }; };
		FA46879D1BD07B5700AE2A51 /* 248.png in Resources */ = {isa = PBXBuildFile; fileRef = FA4686F41BD07B5700AE2A51 /* 248.png */; settings = {ASSET_TAGS = (); }; };
		FA46879E1BD07B5700AE2A51 /* 249.png in Resources */ = {isa = PBXBuildFile; fileRef = FA4686F51BD07B5700AE2A51 /* 249.png */; settings = {ASSET_TAGS = (); }; };
		FA46879F1BD07B5700AE2A51 /* 250.png in Resources */ = {isa = PBXBuildFile; fileRef = FA4686F61BD07B5700AE2A51 /* 250.png */; settings = {ASSET_TAGS = (); }; };
		FA4687A01BD07B5700AE2A51 /* 251.png in Resources */ = {isa = PBXBuildFile; fileRef = FA4686F71BD07B5700AE2A51 /* 251.png */; settings = {ASSET_TAGS = (); }; };
		FA4687A11BD07B5700AE2A51 /* 252.png in Resources */ = {isa = PBXBuildFile; fileRef = FA4686F81BD07B5700AE2A51 /* 252.png */; settings = {ASSET_TAGS = (); }; };
		FA4687A21BD07B5700AE2A51 /* 253.png in Resources */ = {isa = PBXBuildFile; fileRef = FA4686F91BD07B5700AE2A51 /* 253.png */; settings = {ASSET_TAGS = (); }; };
		FA4687A31BD07B5700AE2A51 /* 254.png in Resources */ = {isa = PBXBuildFile; fileRef = FA4686FA1BD07B5700AE2A51 /* 254.png */; settings = {ASSET_TAGS = (); }; };
		FA4687A41BD07B5700AE2A51 /* 255.png in Resources */ = {isa = PBXBuildFile; fileRef = FA4686FB1BD07B5700AE2A51 /* 255.png */; settings = {ASSET_TAGS = (); }; };
		FA4687A51BD07B5700AE2A51 /* 256.png in Resources */ = {isa = PBXBuildFile; fileRef = FA4686FC1BD07B5700AE2A51 /* 256.png */; settings = {ASSET_TAGS = (); }; };
		FA4687A61BD07B5700AE2A51 /* 257.png in Resources */ = {isa = PBXBuildFile; fileRef = FA4686FD1BD07B5700AE2A51 /* 257.png */; settings = {ASSET_TAGS = (); }; };
		FA4687A71BD07B5700AE2A51 /* 258.png in Resources */ = {isa = PBXBuildFile; fileRef = FA4686FE1BD07B5700AE2A51 /* 258.png */; settings = {ASSET_TAGS = (); }; };
		FA4687A81BD07B5700AE2A51 /* 259.png in Resources */ = {isa = PBXBuildFile; fileRef = FA4686FF1BD07B5700AE2A51 /* 259.png */; settings = {ASSET_TAGS = (); }; };
		FA4687A91BD07B5700AE2A51 /* 260.png in Resources */ = {isa = PBXBuildFile; fileRef = FA4687001BD07B5700AE2A51 /* 260.png */; settings = {ASSET_TAGS = (); }; };
		FA4687AA1BD07B5700AE2A51 /* 261.png in Resources */ = {isa = PBXBuildFile; fileRef = FA4687011BD07B5700AE2A51 /* 261.png */; settings = {ASSET_TAGS = (); }; };
		FA4687AB1BD07B5700AE2A51 /* 262.png in Resources */ = {isa = PBXBuildFile; fileRef = FA4687021BD07B5700AE2A51 /* 262.png */; settings = {ASSET_TAGS = (); }; };
		FA4687AC1BD07B5700AE2A51 /* 263.png in Resources */ = {isa = PBXBuildFile; fileRef = FA4687031BD07B5700AE2A51 /* 263.png */; settings = {ASSET_TAGS = (); }; };
		FA4687AD1BD07B5700AE2A51 /* 264.png in Resources */ = {isa = PBXBuildFile; fileRef = FA4687041BD07B5700AE2A51 /* 264.png */; settings = {ASSET_TAGS = (); }; };
		FA4687AE1BD07B5700AE2A51 /* 265.png in Resources */ = {isa = PBXBuildFile; fileRef = FA4687051BD07B5700AE2A51 /* 265.png */; settings = {ASSET_TAGS = (); }; };
		FA4687AF1BD07B5700AE2A51 /* 266.png in Resources */ = {isa = PBXBuildFile; fileRef = FA4687061BD07B5700AE2A51 /* 266.png */; settings = {ASSET_TAGS = (); }; };
		FA4687B01BD07B5700AE2A51 /* 267.png in Resources */ = {isa = PBXBuildFile; fileRef = FA4687071BD07B5700AE2A51 /* 267.png */; settings = {ASSET_TAGS = (); }; };
		FA4687B11BD07B5700AE2A51 /* 268.png in Resources */ = {isa = PBXBuildFile; fileRef = FA4687081BD07B5700AE2A51 /* 268.png */; settings = {ASSET_TAGS = (); }; };
		FA4687B21BD07B5700AE2A51 /* 269.png in Resources */ = {isa = PBXBuildFile; fileRef = FA4687091BD07B5700AE2A51 /* 269.png */; settings = {ASSET_TAGS = (); }; };
		FA4687B31BD07B5700AE2A51 /* 270.png in Resources */ = {isa = PBXBuildFile; fileRef = FA46870A1BD07B5700AE2A51 /* 270.png */; settings = {ASSET_TAGS = (); }; };
		FA4687B41BD07B5700AE2A51 /* 271.png in Resources */ = {isa = PBXBuildFile; fileRef = FA46870B1BD07B5700AE2A51 /* 271.png */; settings = {ASSET_TAGS = (); }; };
		FA4687B51BD07B5700AE2A51 /* 272.png in Resources */ = {isa = PBXBuildFile; fileRef = FA46870C1BD07B5700AE2A51 /* 272.png */; settings = {ASSET_TAGS = (); }; };
		FA4687B61BD07B5700AE2A51 /* 273.png in Resources */ = {isa = PBXBuildFile; fileRef = FA46870D1BD07B5700AE2A51 /* 273.png */; settings = {ASSET_TAGS = (); }; };
		FA4687B71BD07B5700AE2A51 /* 274.png in Resources */ = {isa = PBXBuildFile; fileRef = FA46870E1BD07B5700AE2A51 /* 274.png */; settings = {ASSET_TAGS = (); }; };
		FA4687B81BD07B5700AE2A51 /* 275.png in Resources */ = {isa = PBXBuildFile; fileRef = FA46870F1BD07B5700AE2A51 /* 275.png */; settings = {ASSET_TAGS = (); }; };
		FA4687B91BD07B5700AE2A51 /* 276.png in Resources */ = {isa = PBXBuildFile; fileRef = FA4687101BD07B5700AE2A51 /* 276.png */; settings = {ASSET_TAGS = (); }; };
		FA4687BA1BD07B5700AE2A51 /* 277.png in Resources */ = {isa = PBXBuildFile; fileRef = FA4687111BD07B5700AE2A51 /* 277.png */; settings = {ASSET_TAGS = (); }; };
		FA4687BB1BD07B5700AE2A51 /* 278.png in Resources */ = {isa = PBXBuildFile; fileRef = FA4687121BD07B5700AE2A51 /* 278.png */; settings = {ASSET_TAGS = (); }; };
		FA4687BC1BD07B5700AE2A51 /* 279.png in Resources */ = {isa = PBXBuildFile; fileRef = FA4687131BD07B5700AE2A51 /* 279.png */; settings = {ASSET_TAGS = (); }; };
		FA4687BD1BD07B5700AE2A51 /* 280.png in Resources */ = {isa = PBXBuildFile; fileRef = FA4687141BD07B5700AE2A51 /* 280.png */; settings = {ASSET_TAGS = (); }; };
		FA4687BE1BD07B5700AE2A51 /* 281.png in Resources */ = {isa = PBXBuildFile; fileRef = FA4687151BD07B5700AE2A51 /* 281.png */; settings = {ASSET_TAGS = (); }; };
		FA4687BF1BD07B5700AE2A51 /* 282.png in Resources */ = {isa = PBXBuildFile; fileRef = FA4687161BD07B5700AE2A51 /* 282.png */; settings = {ASSET_TAGS = (); }; };
		FA4687C01BD07B5700AE2A51 /* 283.png in Resources */ = {isa = PBXBuildFile; fileRef = FA4687171BD07B5700AE2A51 /* 283.png */; settings = {ASSET_TAGS = (); }; };
		FA4687C11BD07B5700AE2A51 /* 284.png in Resources */ = {isa = PBXBuildFile; fileRef = FA4687181BD07B5700AE2A51 /* 284.png */; settings = {ASSET_TAGS = (); }; };
		FA4687C21BD07B5700AE2A51 /* 285.png in Resources */ = {isa = PBXBuildFile; fileRef = FA4687191BD07B5700AE2A51 /* 285.png */; settings = {ASSET_TAGS = (); }; };
		FA4687C31BD07B5700AE2A51 /* 286.png in Resources */ = {isa = PBXBuildFile; fileRef = FA46871A1BD07B5700AE2A51 /* 286.png */; settings = {ASSET_TAGS = (); }; };
		FA4687C41BD07B5700AE2A51 /* 287.png in Resources */ = {isa = PBXBuildFile; fileRef = FA46871B1BD07B5700AE2A51 /* 287.png */; settings = {ASSET_TAGS = (); }; };
		FA4687C51BD07B5700AE2A51 /* 288.png in Resources */ = {isa = PBXBuildFile; fileRef = FA46871C1BD07B5700AE2A51 /* 288.png */; settings = {ASSET_TAGS = (); }; };
		FA4687C61BD07B5700AE2A51 /* 289.png in Resources */ = {isa = PBXBuildFile; fileRef = FA46871D1BD07B5700AE2A51 /* 289.png */; settings = {ASSET_TAGS = (); }; };
		FA4687C71BD07B5700AE2A51 /* 290.png in Resources */ = {isa = PBXBuildFile; fileRef = FA46871E1BD07B5700AE2A51 /* 290.png */; settings = {ASSET_TAGS = (); }; };
		FA4687C81BD07B5700AE2A51 /* 291.png in Resources */ = {isa = PBXBuildFile; fileRef = FA46871F1BD07B5700AE2A51 /* 291.png */; settings = {ASSET_TAGS = (); }; };
		FA4687C91BD07B5700AE2A51 /* 292.png in Resources */ = {isa = PBXBuildFile; fileRef = FA4687201BD07B5700AE2A51 /* 292.png */; settings = {ASSET_TAGS = (); }; };
		FA4687CA1BD07B5700AE2A51 /* 293.png in Resources */ = {isa = PBXBuildFile; fileRef = FA4687211BD07B5700AE2A51 /* 293.png */; settings = {ASSET_TAGS = (); }; };
		FA4687CB1BD07B5700AE2A51 /* 294.png in Resources */ = {isa = PBXBuildFile; fileRef = FA4687221BD07B5700AE2A51 /* 294.png */; settings = {ASSET_TAGS = (); }; };
		FA4687CC1BD07B5700AE2A51 /* 295.png in Resources */ = {isa = PBXBuildFile; fileRef = FA4687231BD07B5700AE2A51 /* 295.png */; settings = {ASSET_TAGS = (); }; };
		FA4687CD1BD07B5700AE2A51 /* 296.png in Resources */ = {isa = PBXBuildFile; fileRef = FA4687241BD07B5700AE2A51 /* 296.png */; settings = {ASSET_TAGS = (); }; };
		FA4687CE1BD07B5700AE2A51 /* 297.png in Resources */ = {isa = PBXBuildFile; fileRef = FA4687251BD07B5700AE2A51 /* 297.png */; settings = {ASSET_TAGS = (); }; };
		FA4687CF1BD07B5700AE2A51 /* 298.png in Resources */ = {isa = PBXBuildFile; fileRef = FA4687261BD07B5700AE2A51 /* 298.png */; settings = {ASSET_TAGS = (); }; };
		FA4687D01BD07B5700AE2A51 /* 299.png in Resources */ = {isa = PBXBuildFile; fileRef = FA4687271BD07B5700AE2A51 /* 299.png */; settings = {ASSET_TAGS = (); }; };
		FA4687D11BD07B5700AE2A51 /* 300.png in Resources */ = {isa = PBXBuildFile; fileRef = FA4687281BD07B5700AE2A51 /* 300.png */; settings = {ASSET_TAGS = (); }; };
		FA4687D21BD07B5700AE2A51 /* 301.png in Resources */ = {isa = PBXBuildFile; fileRef = FA4687291BD07B5700AE2A51 /* 301.png */; settings = {ASSET_TAGS = (); }; };
		FA4687D31BD07B5700AE2A51 /* 302.png in Resources */ = {isa = PBXBuildFile; fileRef = FA46872A1BD07B5700AE2A51 /* 302.png */; settings = {ASSET_TAGS = (); }; };
		FA4687D41BD07B5700AE2A51 /* 303.png in Resources */ = {isa = PBXBuildFile; fileRef = FA46872B1BD07B5700AE2A51 /* 303.png */; settings = {ASSET_TAGS = (); }; };
		FA4687D51BD07B5700AE2A51 /* 304.png in Resources */ = {isa = PBXBuildFile; fileRef = FA46872C1BD07B5700AE2A51 /* 304.png */; settings = {ASSET_TAGS = (); }; };
		FA4687D61BD07B5700AE2A51 /* 305.png in Resources */ = {isa = PBXBuildFile; fileRef = FA46872D1BD07B5700AE2A51 /* 305.png */; settings = {ASSET_TAGS = (); }; };
		FA4687D71BD07B5700AE2A51 /* 306.png in Resources */ = {isa = PBXBuildFile; fileRef = FA46872E1BD07B5700AE2A51 /* 306.png */; settings = {ASSET_TAGS = (); }; };
		FA4687D81BD07B5700AE2A51 /* 307.png in Resources */ = {isa = PBXBuildFile; fileRef = FA46872F1BD07B5700AE2A51 /* 307.png */; settings = {ASSET_TAGS = (); }; };
		FA4687D91BD07B5700AE2A51 /* 308.png in Resources */ = {isa = PBXBuildFile; fileRef = FA4687301BD07B5700AE2A51 /* 308.png */; settings = {ASSET_TAGS = (); }; };
		FA4687DA1BD07B5700AE2A51 /* 309.png in Resources */ = {isa = PBXBuildFile; fileRef = FA4687311BD07B5700AE2A51 /* 309.png */; settings = {ASSET_TAGS = (); }; };
		FA4687DB1BD07B5700AE2A51 /* 310.png in Resources */ = {isa = PBXBuildFile; fileRef = FA4687321BD07B5700AE2A51 /* 310.png */; settings = {ASSET_TAGS = (); }; };
		FA4687DC1BD07B5700AE2A51 /* 311.png in Resources */ = {isa = PBXBuildFile; fileRef = FA4687331BD07B5700AE2A51 /* 311.png */; settings = {ASSET_TAGS = (); }; };
		FA4687DD1BD07B5700AE2A51 /* 312.png in Resources */ = {isa = PBXBuildFile; fileRef = FA4687341BD07B5700AE2A51 /* 312.png */; settings = {ASSET_TAGS = (); }; };
		FA4687DE1BD07B5700AE2A51 /* 313.png in Resources */ = {isa = PBXBuildFile; fileRef = FA4687351BD07B5700AE2A51 /* 313.png */; settings = {ASSET_TAGS = (); }; };
		FA4687DF1BD07B5700AE2A51 /* 314.png in Resources */ = {isa = PBXBuildFile; fileRef = FA4687361BD07B5700AE2A51 /* 314.png */; settings = {ASSET_TAGS = (); }; };
		FA4687E01BD07B5700AE2A51 /* 315.png in Resources */ = {isa = PBXBuildFile; fileRef = FA4687371BD07B5700AE2A51 /* 315.png */; settings = {ASSET_TAGS = (); }; };
		FA4687E11BD07B5700AE2A51 /* 316.png in Resources */ = {isa = PBXBuildFile; fileRef = FA4687381BD07B5700AE2A51 /* 316.png */; settings = {ASSET_TAGS = (); }; };
		FA4687E21BD07B5700AE2A51 /* 317.png in Resources */ = {isa = PBXBuildFile; fileRef = FA4687391BD07B5700AE2A51 /* 317.png */; settings = {ASSET_TAGS = (); }; };
		FA4687E31BD07B5700AE2A51 /* 318.png in Resources */ = {isa = PBXBuildFile; fileRef = FA46873A1BD07B5700AE2A51 /* 318.png */; settings = {ASSET_TAGS = (); }; };
		FA4687E41BD07B5700AE2A51 /* 319.png in Resources */ = {isa = PBXBuildFile; fileRef = FA46873B1BD07B5700AE2A51 /* 319.png */; settings = {ASSET_TAGS = (); }; };
		FA4687E51BD07B5700AE2A51 /* 320.png in Resources */ = {isa = PBXBuildFile; fileRef = FA46873C1BD07B5700AE2A51 /* 320.png */; settings = {ASSET_TAGS = (); }; };
		FA4687E61BD07B5700AE2A51 /* 321.png in Resources */ = {isa = PBXBuildFile; fileRef = FA46873D1BD07B5700AE2A51 /* 321.png */; settings = {ASSET_TAGS = (); }; };
		FA4687E71BD07B5700AE2A51 /* 322.png in Resources */ = {isa = PBXBuildFile; fileRef = FA46873E1BD07B5700AE2A51 /* 322.png */; settings = {ASSET_TAGS = (); }; };
		FA4687E81BD07B5700AE2A51 /* 323.png in Resources */ = {isa = PBXBuildFile; fileRef = FA46873F1BD07B5700AE2A51 /* 323.png */; settings = {ASSET_TAGS = (); }; };
		FA4687E91BD07B5700AE2A51 /* 324.png in Resources */ = {isa = PBXBuildFile; fileRef = FA4687401BD07B5700AE2A51 /* 324.png */; settings = {ASSET_TAGS = (); }; };
		FA4687EA1BD07B5700AE2A51 /* 325.png in Resources */ = {isa = PBXBuildFile; fileRef = FA4687411BD07B5700AE2A51 /* 325.png */; settings = {ASSET_TAGS = (); }; };
		FA4687EB1BD07B5700AE2A51 /* 326.png in Resources */ = {isa = PBXBuildFile; fileRef = FA4687421BD07B5700AE2A51 /* 326.png */; settings = {ASSET_TAGS = (); }; };
		FA4687EC1BD07B5700AE2A51 /* 327.png in Resources */ = {isa = PBXBuildFile; fileRef = FA4687431BD07B5700AE2A51 /* 327.png */; settings = {ASSET_TAGS = (); }; };
		FA4687ED1BD07B5700AE2A51 /* 328.png in Resources */ = {isa = PBXBuildFile; fileRef = FA4687441BD07B5700AE2A51 /* 328.png */; settings = {ASSET_TAGS = (); }; };
		FA4687EE1BD07B5700AE2A51 /* 329.png in Resources */ = {isa = PBXBuildFile; fileRef = FA4687451BD07B5700AE2A51 /* 329.png */; settings = {ASSET_TAGS = (); }; };
		FA4687EF1BD07B5700AE2A51 /* 330.png in Resources */ = {isa = PBXBuildFile; fileRef = FA4687461BD07B5700AE2A51 /* 330.png */; settings = {ASSET_TAGS = (); }; };
		FA4687F01BD07B5700AE2A51 /* 331.png in Resources */ = {isa = PBXBuildFile; fileRef = FA4687471BD07B5700AE2A51 /* 331.png */; settings = {ASSET_TAGS = (); }; };
		FA4687F11BD07B5700AE2A51 /* 332.png in Resources */ = {isa = PBXBuildFile; fileRef = FA4687481BD07B5700AE2A51 /* 332.png */; settings = {ASSET_TAGS = (); }; };
		FA4687F21BD07B5700AE2A51 /* 333.png in Resources */ = {isa = PBXBuildFile; fileRef = FA4687491BD07B5700AE2A51 /* 333.png */; settings = {ASSET_TAGS = (); }; };
		FA4687F31BD07B5700AE2A51 /* 334.png in Resources */ = {isa = PBXBuildFile; fileRef = FA46874A1BD07B5700AE2A51 /* 334.png */; settings = {ASSET_TAGS = (); }; };
		FA4687F41BD07B5700AE2A51 /* 335.png in Resources */ = {isa = PBXBuildFile; fileRef = FA46874B1BD07B5700AE2A51 /* 335.png */; settings = {ASSET_TAGS = (); }; };
		FA4687F51BD07B5700AE2A51 /* 336.png in Resources */ = {isa = PBXBuildFile; fileRef = FA46874C1BD07B5700AE2A51 /* 336.png */; settings = {ASSET_TAGS = (); }; };
		FA4687F61BD07B5700AE2A51 /* 337.png in Resources */ = {isa = PBXBuildFile; fileRef = FA46874D1BD07B5700AE2A51 /* 337.png */; settings = {ASSET_TAGS = (); }; };
		FA4687F71BD07B5700AE2A51 /* 338.png in Resources */ = {isa = PBXBuildFile; fileRef = FA46874E1BD07B5700AE2A51 /* 338.png */; settings = {ASSET_TAGS = (); }; };
		FA4687F81BD07B5700AE2A51 /* 339.png in Resources */ = {isa = PBXBuildFile; fileRef = FA46874F1BD07B5700AE2A51 /* 339.png */; settings = {ASSET_TAGS = (); }; };
		FA4687F91BD07B5700AE2A51 /* 340.png in Resources */ = {isa = PBXBuildFile; fileRef = FA4687501BD07B5700AE2A51 /* 340.png */; settings = {ASSET_TAGS = (); }; };
		FA4687FA1BD07B5700AE2A51 /* 341.png in Resources */ = {isa = PBXBuildFile; fileRef = FA4687511BD07B5700AE2A51 /* 341.png */; settings = {ASSET_TAGS = (); }; };
		FA4687FB1BD07B5700AE2A51 /* 342.png in Resources */ = {isa = PBXBuildFile; fileRef = FA4687521BD07B5700AE2A51 /* 342.png */; settings = {ASSET_TAGS = (); }; };
		FA4687FC1BD07B5700AE2A51 /* 343.png in Resources */ = {isa = PBXBuildFile; fileRef = FA4687531BD07B5700AE2A51 /* 343.png */; settings = {ASSET_TAGS = (); }; };
		FA4687FD1BD07B5700AE2A51 /* 668.png in Resources */ = {isa = PBXBuildFile; fileRef = FA4687541BD07B5700AE2A51 /* 668.png */; settings = {ASSET_TAGS = (); }; };
		FA4687FE1BD07B5700AE2A51 /* 669.png in Resources */ = {isa = PBXBuildFile; fileRef = FA4687551BD07B5700AE2A51 /* 669.png */; settings = {ASSET_TAGS = (); }; };
		FA4687FF1BD07B5700AE2A51 /* 670.png in Resources */ = {isa = PBXBuildFile; fileRef = FA4687561BD07B5700AE2A51 /* 670.png */; settings = {ASSET_TAGS = (); }; };
		FA4688001BD07B5700AE2A51 /* 671.png in Resources */ = {isa = PBXBuildFile; fileRef = FA4687571BD07B5700AE2A51 /* 671.png */; settings = {ASSET_TAGS = (); }; };
		FA4688011BD07B5700AE2A51 /* 672.png in Resources */ = {isa = PBXBuildFile; fileRef = FA4687581BD07B5700AE2A51 /* 672.png */; settings = {ASSET_TAGS = (); }; };
		FA4688021BD07B5700AE2A51 /* 673.png in Resources */ = {isa = PBXBuildFile; fileRef = FA4687591BD07B5700AE2A51 /* 673.png */; settings = {ASSET_TAGS = (); }; };
		FA4688031BD07B5700AE2A51 /* 677.png in Resources */ = {isa = PBXBuildFile; fileRef = FA46875A1BD07B5700AE2A51 /* 677.png */; settings = {ASSET_TAGS = (); }; };
		FA4688041BD07B5700AE2A51 /* 678.png in Resources */ = {isa = PBXBuildFile; fileRef = FA46875B1BD07B5700AE2A51 /* 678.png */; settings = {ASSET_TAGS = (); }; };
		FA4688051BD07B5700AE2A51 /* 679.png in Resources */ = {isa = PBXBuildFile; fileRef = FA46875C1BD07B5700AE2A51 /* 679.png */; settings = {ASSET_TAGS = (); }; };
		FA4688061BD07B5700AE2A51 /* 680.png in Resources */ = {isa = PBXBuildFile; fileRef = FA46875D1BD07B5700AE2A51 /* 680.png */; settings = {ASSET_TAGS = (); }; };
		FA4688071BD07B5700AE2A51 /* 681.png in Resources */ = {isa = PBXBuildFile; fileRef = FA46875E1BD07B5700AE2A51 /* 681.png */; settings = {ASSET_TAGS = (); }; };
		FA4688081BD07B5700AE2A51 /* 682.png in Resources */ = {isa = PBXBuildFile; fileRef = FA46875F1BD07B5700AE2A51 /* 682.png */; settings = {ASSET_TAGS = (); }; };
		FA4688091BD07B5700AE2A51 /* 683.png in Resources */ = {isa = PBXBuildFile; fileRef = FA4687601BD07B5700AE2A51 /* 683.png */; settings = {ASSET_TAGS = (); }; };
		FA46880A1BD07B5700AE2A51 /* 684.png in Resources */ = {isa = PBXBuildFile; fileRef = FA4687611BD07B5700AE2A51 /* 684.png */; settings = {ASSET_TAGS = (); }; };
		FA46880B1BD07B5700AE2A51 /* 685.png in Resources */ = {isa = PBXBuildFile; fileRef = FA4687621BD07B5700AE2A51 /* 685.png */; settings = {ASSET_TAGS = (); }; };
		FA46880C1BD07B5700AE2A51 /* 687.png in Resources */ = {isa = PBXBuildFile; fileRef = FA4687631BD07B5700AE2A51 /* 687.png */; settings = {ASSET_TAGS = (); }; };
		FA46880D1BD07B5700AE2A51 /* FMDatabase.m in Sources */ = {isa = PBXBuildFile; fileRef = FA4687661BD07B5700AE2A51 /* FMDatabase.m */; settings = {COMPILER_FLAGS = "-fno-objc-arc"; }; };
		FA46880E1BD07B5700AE2A51 /* FMDatabaseAdditions.m in Sources */ = {isa = PBXBuildFile; fileRef = FA4687681BD07B5700AE2A51 /* FMDatabaseAdditions.m */; settings = {COMPILER_FLAGS = "-fno-objc-arc"; }; };
		FA46880F1BD07B5700AE2A51 /* FMDatabasePool.m in Sources */ = {isa = PBXBuildFile; fileRef = FA46876A1BD07B5700AE2A51 /* FMDatabasePool.m */; settings = {COMPILER_FLAGS = "-fno-objc-arc"; }; };
		FA4688101BD07B5700AE2A51 /* FMDatabaseQueue.m in Sources */ = {isa = PBXBuildFile; fileRef = FA46876C1BD07B5700AE2A51 /* FMDatabaseQueue.m */; settings = {COMPILER_FLAGS = "-fno-objc-arc"; }; };
		FA4688111BD07B5700AE2A51 /* FMResultSet.m in Sources */ = {isa = PBXBuildFile; fileRef = FA46876E1BD07B5700AE2A51 /* FMResultSet.m */; settings = {COMPILER_FLAGS = "-fno-objc-arc"; }; };
		FA4688121BD07B5700AE2A51 /* data.sqlite in Resources */ = {isa = PBXBuildFile; fileRef = FA46876F1BD07B5700AE2A51 /* data.sqlite */; settings = {ASSET_TAGS = (); }; };
		FA4688141BD08B3D00AE2A51 /* libsqlite3.tbd in Frameworks */ = {isa = PBXBuildFile; fileRef = FA4688131BD08B3D00AE2A51 /* libsqlite3.tbd */; };
		FA4688171BD08BDE00AE2A51 /* MyDataManager.m in Sources */ = {isa = PBXBuildFile; fileRef = FA4688161BD08BDE00AE2A51 /* MyDataManager.m */; settings = {ASSET_TAGS = (); }; };
		FA46881A1BD0902F00AE2A51 /* TestSelectModel.m in Sources */ = {isa = PBXBuildFile; fileRef = FA4688191BD0902F00AE2A51 /* TestSelectModel.m */; settings = {ASSET_TAGS = (); }; };
		FA46881D1BD09EA400AE2A51 /* AnswerScrollView.m in Sources */ = {isa = PBXBuildFile; fileRef = FA46881C1BD09EA400AE2A51 /* AnswerScrollView.m */; settings = {ASSET_TAGS = (); }; };
		FA4688211BD0A49600AE2A51 /* AnswerTableViewCell.m in Sources */ = {isa = PBXBuildFile; fileRef = FA46881F1BD0A49600AE2A51 /* AnswerTableViewCell.m */; settings = {ASSET_TAGS = (); }; };
		FA4688221BD0A49600AE2A51 /* AnswerTableViewCell.xib in Resources */ = {isa = PBXBuildFile; fileRef = FA4688201BD0A49600AE2A51 /* AnswerTableViewCell.xib */; settings = {ASSET_TAGS = (); }; };
		FA4688251BD0A9A100AE2A51 /* AnswerViewController.m in Sources */ = {isa = PBXBuildFile; fileRef = FA4688241BD0A9A100AE2A51 /* AnswerViewController.m */; settings = {ASSET_TAGS = (); }; };
		FA4688281BD0DEB000AE2A51 /* AnswerModel.m in Sources */ = {isa = PBXBuildFile; fileRef = FA4688271BD0DEB000AE2A51 /* AnswerModel.m */; settings = {ASSET_TAGS = (); }; };
		FA8F08531BD0EDF4004EA315 /* Tools.m in Sources */ = {isa = PBXBuildFile; fileRef = FA8F08521BD0EDF4004EA315 /* Tools.m */; settings = {ASSET_TAGS = (); }; };
		FA8F08561BD1D903004EA315 /* SubjectTwoViewController.m in Sources */ = {isa = PBXBuildFile; fileRef = FA8F08551BD1D903004EA315 /* SubjectTwoViewController.m */; settings = {ASSET_TAGS = (); }; };
		FA8F085A1BD1D9D2004EA315 /* SubjectTwoTableViewCell.m in Sources */ = {isa = PBXBuildFile; fileRef = FA8F08581BD1D9D2004EA315 /* SubjectTwoTableViewCell.m */; settings = {ASSET_TAGS = (); }; };
		FA8F085B1BD1D9D2004EA315 /* SubjectTwoTableViewCell.xib in Resources */ = {isa = PBXBuildFile; fileRef = FA8F08591BD1D9D2004EA315 /* SubjectTwoTableViewCell.xib */; settings = {ASSET_TAGS = (); }; };
		FA8F08651BD1F9F5004EA315 /* WebViewController.m in Sources */ = {isa = PBXBuildFile; fileRef = FA8F08641BD1F9F5004EA315 /* WebViewController.m */; settings = {ASSET_TAGS = (); }; };
/* End PBXBuildFile section */

/* Begin PBXFileReference section */
		FA1C5CAA1BD485690047A2D5 /* SelectModelView.h */ = {isa = PBXFileReference; fileEncoding = 4; lastKnownFileType = sourcecode.c.h; path = SelectModelView.h; sourceTree = "<group>"; };
		FA1C5CAB1BD485690047A2D5 /* SelectModelView.m */ = {isa = PBXFileReference; fileEncoding = 4; lastKnownFileType = sourcecode.c.objc; path = SelectModelView.m; sourceTree = "<group>"; };
		FA1C5CAD1BD49BDE0047A2D5 /* SheetView.h */ = {isa = PBXFileReference; fileEncoding = 4; lastKnownFileType = sourcecode.c.h; path = SheetView.h; sourceTree = "<group>"; };
		FA1C5CAE1BD49BDE0047A2D5 /* SheetView.m */ = {isa = PBXFileReference; fileEncoding = 4; lastKnownFileType = sourcecode.c.objc; path = SheetView.m; sourceTree = "<group>"; };
		FA4686941BCF6CEF00AE2A51 /* 教考助手.app */ = {isa = PBXFileReference; explicitFileType = wrapper.application; includeInIndex = 0; path = "教考助手.app"; sourceTree = BUILT_PRODUCTS_DIR; };
		FA4686981BCF6CEF00AE2A51 /* main.m */ = {isa = PBXFileReference; lastKnownFileType = sourcecode.c.objc; path = main.m; sourceTree = "<group>"; };
		FA46869A1BCF6CEF00AE2A51 /* AppDelegate.h */ = {isa = PBXFileReference; lastKnownFileType = sourcecode.c.h; path = AppDelegate.h; sourceTree = "<group>"; };
		FA46869B1BCF6CEF00AE2A51 /* AppDelegate.m */ = {isa = PBXFileReference; lastKnownFileType = sourcecode.c.objc; path = AppDelegate.m; sourceTree = "<group>"; };
		FA46869D1BCF6CEF00AE2A51 /* ViewController.h */ = {isa = PBXFileReference; lastKnownFileType = sourcecode.c.h; path = ViewController.h; sourceTree = "<group>"; };
		FA46869E1BCF6CEF00AE2A51 /* ViewController.m */ = {isa = PBXFileReference; lastKnownFileType = sourcecode.c.objc; path = ViewController.m; sourceTree = "<group>"; };
		FA4686A11BCF6CEF00AE2A51 /* Base */ = {isa = PBXFileReference; lastKnownFileType = file.storyboard; name = Base; path = Base.lproj/Main.storyboard; sourceTree = "<group>"; };
		FA4686A31BCF6CEF00AE2A51 /* Assets.xcassets */ = {isa = PBXFileReference; lastKnownFileType = folder.assetcatalog; path = Assets.xcassets; sourceTree = "<group>"; };
		FA4686A61BCF6CEF00AE2A51 /* Base */ = {isa = PBXFileReference; lastKnownFileType = file.storyboard; name = Base; path = Base.lproj/LaunchScreen.storyboard; sourceTree = "<group>"; };
		FA4686A81BCF6CEF00AE2A51 /* Info.plist */ = {isa = PBXFileReference; lastKnownFileType = text.plist.xml; path = Info.plist; sourceTree = "<group>"; };
		FA4686AE1BCFA77900AE2A51 /* SelectView.h */ = {isa = PBXFileReference; fileEncoding = 4; lastKnownFileType = sourcecode.c.h; path = SelectView.h; sourceTree = "<group>"; };
		FA4686AF1BCFA77900AE2A51 /* SelectView.m */ = {isa = PBXFileReference; fileEncoding = 4; lastKnownFileType = sourcecode.c.objc; path = SelectView.m; sourceTree = "<group>"; };
		FA4686B11BCFB33300AE2A51 /* FirstViewController.h */ = {isa = PBXFileReference; fileEncoding = 4; lastKnownFileType = sourcecode.c.h; path = FirstViewController.h; sourceTree = "<group>"; };
		FA4686B21BCFB33300AE2A51 /* FirstViewController.m */ = {isa = PBXFileReference; fileEncoding = 4; lastKnownFileType = sourcecode.c.objc; path = FirstViewController.m; sourceTree = "<group>"; };
		FA4686B41BCFB7BD00AE2A51 /* FirstTableViewCell.h */ = {isa = PBXFileReference; fileEncoding = 4; lastKnownFileType = sourcecode.c.h; path = FirstTableViewCell.h; sourceTree = "<group>"; };
		FA4686B51BCFB7BD00AE2A51 /* FirstTableViewCell.m */ = {isa = PBXFileReference; fileEncoding = 4; lastKnownFileType = sourcecode.c.objc; path = FirstTableViewCell.m; sourceTree = "<group>"; };
		FA4686B61BCFB7BD00AE2A51 /* FirstTableViewCell.xib */ = {isa = PBXFileReference; fileEncoding = 4; lastKnownFileType = file.xib; path = FirstTableViewCell.xib; sourceTree = "<group>"; };
		FA4686B91BCFDA7100AE2A51 /* TestSelectViewController.h */ = {isa = PBXFileReference; fileEncoding = 4; lastKnownFileType = sourcecode.c.h; path = TestSelectViewController.h; sourceTree = "<group>"; };
		FA4686BA1BCFDA7100AE2A51 /* TestSelectViewController.m */ = {isa = PBXFileReference; fileEncoding = 4; lastKnownFileType = sourcecode.c.objc; path = TestSelectViewController.m; sourceTree = "<group>"; };
		FA4686BC1BCFE15600AE2A51 /* TestSelectTableViewCell.h */ = {isa = PBXFileReference; fileEncoding = 4; lastKnownFileType = sourcecode.c.h; path = TestSelectTableViewCell.h; sourceTree = "<group>"; };
		FA4686BD1BCFE15600AE2A51 /* TestSelectTableViewCell.m */ = {isa = PBXFileReference; fileEncoding = 4; lastKnownFileType = sourcecode.c.objc; path = TestSelectTableViewCell.m; sourceTree = "<group>"; };
		FA4686BE1BCFE15600AE2A51 /* TestSelectTableViewCell.xib */ = {isa = PBXFileReference; fileEncoding = 4; lastKnownFileType = file.xib; path = TestSelectTableViewCell.xib; sourceTree = "<group>"; };
		FA4686C71BD07B5700AE2A51 /* 203.png */ = {isa = PBXFileReference; lastKnownFileType = image.png; path = 203.png; sourceTree = "<group>"; };
		FA4686C81BD07B5700AE2A51 /* 204.png */ = {isa = PBXFileReference; lastKnownFileType = image.png; path = 204.png; sourceTree = "<group>"; };
		FA4686C91BD07B5700AE2A51 /* 205.png */ = {isa = PBXFileReference; lastKnownFileType = image.png; path = 205.png; sourceTree = "<group>"; };
		FA4686CA1BD07B5700AE2A51 /* 206.png */ = {isa = PBXFileReference; lastKnownFileType = image.png; path = 206.png; sourceTree = "<group>"; };
		FA4686CB1BD07B5700AE2A51 /* 207.png */ = {isa = PBXFileReference; lastKnownFileType = image.png; path = 207.png; sourceTree = "<group>"; };
		FA4686CC1BD07B5700AE2A51 /* 208.png */ = {isa = PBXFileReference; lastKnownFileType = image.png; path = 208.png; sourceTree = "<group>"; };
		FA4686CD1BD07B5700AE2A51 /* 209.png */ = {isa = PBXFileReference; lastKnownFileType = image.png; path = 209.png; sourceTree = "<group>"; };
		FA4686CE1BD07B5700AE2A51 /* 210.png */ = {isa = PBXFileReference; lastKnownFileType = image.png; path = 210.png; sourceTree = "<group>"; };
		FA4686CF1BD07B5700AE2A51 /* 211.png */ = {isa = PBXFileReference; lastKnownFileType = image.png; path = 211.png; sourceTree = "<group>"; };
		FA4686D01BD07B5700AE2A51 /* 212.png */ = {isa = PBXFileReference; lastKnownFileType = image.png; path = 212.png; sourceTree = "<group>"; };
		FA4686D11BD07B5700AE2A51 /* 213.png */ = {isa = PBXFileReference; lastKnownFileType = image.png; path = 213.png; sourceTree = "<group>"; };
		FA4686D21BD07B5700AE2A51 /* 214.png */ = {isa = PBXFileReference; lastKnownFileType = image.png; path = 214.png; sourceTree = "<group>"; };
		FA4686D31BD07B5700AE2A51 /* 215.png */ = {isa = PBXFileReference; lastKnownFileType = image.png; path = 215.png; sourceTree = "<group>"; };
		FA4686D41BD07B5700AE2A51 /* 216.png */ = {isa = PBXFileReference; lastKnownFileType = image.png; path = 216.png; sourceTree = "<group>"; };
		FA4686D51BD07B5700AE2A51 /* 217.png */ = {isa = PBXFileReference; lastKnownFileType = image.png; path = 217.png; sourceTree = "<group>"; };
		FA4686D61BD07B5700AE2A51 /* 218.png */ = {isa = PBXFileReference; lastKnownFileType = image.png; path = 218.png; sourceTree = "<group>"; };
		FA4686D71BD07B5700AE2A51 /* 219.png */ = {isa = PBXFileReference; lastKnownFileType = image.png; path = 219.png; sourceTree = "<group>"; };
		FA4686D81BD07B5700AE2A51 /* 220.png */ = {isa = PBXFileReference; lastKnownFileType = image.png; path = 220.png; sourceTree = "<group>"; };
		FA4686D91BD07B5700AE2A51 /* 221.png */ = {isa = PBXFileReference; lastKnownFileType = image.png; path = 221.png; sourceTree = "<group>"; };
		FA4686DA1BD07B5700AE2A51 /* 222.png */ = {isa = PBXFileReference; lastKnownFileType = image.png; path = 222.png; sourceTree = "<group>"; };
		FA4686DB1BD07B5700AE2A51 /* 223.png */ = {isa = PBXFileReference; lastKnownFileType = image.png; path = 223.png; sourceTree = "<group>"; };
		FA4686DC1BD07B5700AE2A51 /* 224.png */ = {isa = PBXFileReference; lastKnownFileType = image.png; path = 224.png; sourceTree = "<group>"; };
		FA4686DD1BD07B5700AE2A51 /* 225.png */ = {isa = PBXFileReference; lastKnownFileType = image.png; path = 225.png; sourceTree = "<group>"; };
		FA4686DE1BD07B5700AE2A51 /* 226.png */ = {isa = PBXFileReference; lastKnownFileType = image.png; path = 226.png; sourceTree = "<group>"; };
		FA4686DF1BD07B5700AE2A51 /* 227.png */ = {isa = PBXFileReference; lastKnownFileType = image.png; path = 227.png; sourceTree = "<group>"; };
		FA4686E01BD07B5700AE2A51 /* 228.png */ = {isa = PBXFileReference; lastKnownFileType = image.png; path = 228.png; sourceTree = "<group>"; };
		FA4686E11BD07B5700AE2A51 /* 229.png */ = {isa = PBXFileReference; lastKnownFileType = image.png; path = 229.png; sourceTree = "<group>"; };
		FA4686E21BD07B5700AE2A51 /* 230.png */ = {isa = PBXFileReference; lastKnownFileType = image.png; path = 230.png; sourceTree = "<group>"; };
		FA4686E31BD07B5700AE2A51 /* 231.png */ = {isa = PBXFileReference; lastKnownFileType = image.png; path = 231.png; sourceTree = "<group>"; };
		FA4686E41BD07B5700AE2A51 /* 232.png */ = {isa = PBXFileReference; lastKnownFileType = image.png; path = 232.png; sourceTree = "<group>"; };
		FA4686E51BD07B5700AE2A51 /* 233.png */ = {isa = PBXFileReference; lastKnownFileType = image.png; path = 233.png; sourceTree = "<group>"; };
		FA4686E61BD07B5700AE2A51 /* 234.png */ = {isa = PBXFileReference; lastKnownFileType = image.png; path = 234.png; sourceTree = "<group>"; };
		FA4686E71BD07B5700AE2A51 /* 235.png */ = {isa = PBXFileReference; lastKnownFileType = image.png; path = 235.png; sourceTree = "<group>"; };
		FA4686E81BD07B5700AE2A51 /* 236.png */ = {isa = PBXFileReference; lastKnownFileType = image.png; path = 236.png; sourceTree = "<group>"; };
		FA4686E91BD07B5700AE2A51 /* 237.png */ = {isa = PBXFileReference; lastKnownFileType = image.png; path = 237.png; sourceTree = "<group>"; };
		FA4686EA1BD07B5700AE2A51 /* 238.png */ = {isa = PBXFileReference; lastKnownFileType = image.png; path = 238.png; sourceTree = "<group>"; };
		FA4686EB1BD07B5700AE2A51 /* 239.png */ = {isa = PBXFileReference; lastKnownFileType = image.png; path = 239.png; sourceTree = "<group>"; };
		FA4686EC1BD07B5700AE2A51 /* 240.png */ = {isa = PBXFileReference; lastKnownFileType = image.png; path = 240.png; sourceTree = "<group>"; };
		FA4686ED1BD07B5700AE2A51 /* 241.png */ = {isa = PBXFileReference; lastKnownFileType = image.png; path = 241.png; sourceTree = "<group>"; };
		FA4686EE1BD07B5700AE2A51 /* 242.png */ = {isa = PBXFileReference; lastKnownFileType = image.png; path = 242.png; sourceTree = "<group>"; };
		FA4686EF1BD07B5700AE2A51 /* 243.png */ = {isa = PBXFileReference; lastKnownFileType = image.png; path = 243.png; sourceTree = "<group>"; };
		FA4686F01BD07B5700AE2A51 /* 244.png */ = {isa = PBXFileReference; lastKnownFileType = image.png; path = 244.png; sourceTree = "<group>"; };
		FA4686F11BD07B5700AE2A51 /* 245.png */ = {isa = PBXFileReference; lastKnownFileType = image.png; path = 245.png; sourceTree = "<group>"; };
		FA4686F21BD07B5700AE2A51 /* 246.png */ = {isa = PBXFileReference; lastKnownFileType = image.png; path = 246.png; sourceTree = "<group>"; };
		FA4686F31BD07B5700AE2A51 /* 247.png */ = {isa = PBXFileReference; lastKnownFileType = image.png; path = 247.png; sourceTree = "<group>"; };
		FA4686F41BD07B5700AE2A51 /* 248.png */ = {isa = PBXFileReference; lastKnownFileType = image.png; path = 248.png; sourceTree = "<group>"; };
		FA4686F51BD07B5700AE2A51 /* 249.png */ = {isa = PBXFileReference; lastKnownFileType = image.png; path = 249.png; sourceTree = "<group>"; };
		FA4686F61BD07B5700AE2A51 /* 250.png */ = {isa = PBXFileReference; lastKnownFileType = image.png; path = 250.png; sourceTree = "<group>"; };
		FA4686F71BD07B5700AE2A51 /* 251.png */ = {isa = PBXFileReference; lastKnownFileType = image.png; path = 251.png; sourceTree = "<group>"; };
		FA4686F81BD07B5700AE2A51 /* 252.png */ = {isa = PBXFileReference; lastKnownFileType = image.png; path = 252.png; sourceTree = "<group>"; };
		FA4686F91BD07B5700AE2A51 /* 253.png */ = {isa = PBXFileReference; lastKnownFileType = image.png; path = 253.png; sourceTree = "<group>"; };
		FA4686FA1BD07B5700AE2A51 /* 254.png */ = {isa = PBXFileReference; lastKnownFileType = image.png; path = 254.png; sourceTree = "<group>"; };
		FA4686FB1BD07B5700AE2A51 /* 255.png */ = {isa = PBXFileReference; lastKnownFileType = image.png; path = 255.png; sourceTree = "<group>"; };
		FA4686FC1BD07B5700AE2A51 /* 256.png */ = {isa = PBXFileReference; lastKnownFileType = image.png; path = 256.png; sourceTree = "<group>"; };
		FA4686FD1BD07B5700AE2A51 /* 257.png */ = {isa = PBXFileReference; lastKnownFileType = image.png; path = 257.png; sourceTree = "<group>"; };
		FA4686FE1BD07B5700AE2A51 /* 258.png */ = {isa = PBXFileReference; lastKnownFileType = image.png; path = 258.png; sourceTree = "<group>"; };
		FA4686FF1BD07B5700AE2A51 /* 259.png */ = {isa = PBXFileReference; lastKnownFileType = image.png; path = 259.png; sourceTree = "<group>"; };
		FA4687001BD07B5700AE2A51 /* 260.png */ = {isa = PBXFileReference; lastKnownFileType = image.png; path = 260.png; sourceTree = "<group>"; };
		FA4687011BD07B5700AE2A51 /* 261.png */ = {isa = PBXFileReference; lastKnownFileType = image.png; path = 261.png; sourceTree = "<group>"; };
		FA4687021BD07B5700AE2A51 /* 262.png */ = {isa = PBXFileReference; lastKnownFileType = image.png; path = 262.png; sourceTree = "<group>"; };
		FA4687031BD07B5700AE2A51 /* 263.png */ = {isa = PBXFileReference; lastKnownFileType = image.png; path = 263.png; sourceTree = "<group>"; };
		FA4687041BD07B5700AE2A51 /* 264.png */ = {isa = PBXFileReference; lastKnownFileType = image.png; path = 264.png; sourceTree = "<group>"; };
		FA4687051BD07B5700AE2A51 /* 265.png */ = {isa = PBXFileReference; lastKnownFileType = image.png; path = 265.png; sourceTree = "<group>"; };
		FA4687061BD07B5700AE2A51 /* 266.png */ = {isa = PBXFileReference; lastKnownFileType = image.png; path = 266.png; sourceTree = "<group>"; };
		FA4687071BD07B5700AE2A51 /* 267.png */ = {isa = PBXFileReference; lastKnownFileType = image.png; path = 267.png; sourceTree = "<group>"; };
		FA4687081BD07B5700AE2A51 /* 268.png */ = {isa = PBXFileReference; lastKnownFileType = image.png; path = 268.png; sourceTree = "<group>"; };
		FA4687091BD07B5700AE2A51 /* 269.png */ = {isa = PBXFileReference; lastKnownFileType = image.png; path = 269.png; sourceTree = "<group>"; };
		FA46870A1BD07B5700AE2A51 /* 270.png */ = {isa = PBXFileReference; lastKnownFileType = image.png; path = 270.png; sourceTree = "<group>"; };
		FA46870B1BD07B5700AE2A51 /* 271.png */ = {isa = PBXFileReference; lastKnownFileType = image.png; path = 271.png; sourceTree = "<group>"; };
		FA46870C1BD07B5700AE2A51 /* 272.png */ = {isa = PBXFileReference; lastKnownFileType = image.png; path = 272.png; sourceTree = "<group>"; };
		FA46870D1BD07B5700AE2A51 /* 273.png */ = {isa = PBXFileReference; lastKnownFileType = image.png; path = 273.png; sourceTree = "<group>"; };
		FA46870E1BD07B5700AE2A51 /* 274.png */ = {isa = PBXFileReference; lastKnownFileType = image.png; path = 274.png; sourceTree = "<group>"; };
		FA46870F1BD07B5700AE2A51 /* 275.png */ = {isa = PBXFileReference; lastKnownFileType = image.png; path = 275.png; sourceTree = "<group>"; };
		FA4687101BD07B5700AE2A51 /* 276.png */ = {isa = PBXFileReference; lastKnownFileType = image.png; path = 276.png; sourceTree = "<group>"; };
		FA4687111BD07B5700AE2A51 /* 277.png */ = {isa = PBXFileReference; lastKnownFileType = image.png; path = 277.png; sourceTree = "<group>"; };
		FA4687121BD07B5700AE2A51 /* 278.png */ = {isa = PBXFileReference; lastKnownFileType = image.png; path = 278.png; sourceTree = "<group>"; };
		FA4687131BD07B5700AE2A51 /* 279.png */ = {isa = PBXFileReference; lastKnownFileType = image.png; path = 279.png; sourceTree = "<group>"; };
		FA4687141BD07B5700AE2A51 /* 280.png */ = {isa = PBXFileReference; lastKnownFileType = image.png; path = 280.png; sourceTree = "<group>"; };
		FA4687151BD07B5700AE2A51 /* 281.png */ = {isa = PBXFileReference; lastKnownFileType = image.png; path = 281.png; sourceTree = "<group>"; };
		FA4687161BD07B5700AE2A51 /* 282.png */ = {isa = PBXFileReference; lastKnownFileType = image.png; path = 282.png; sourceTree = "<group>"; };
		FA4687171BD07B5700AE2A51 /* 283.png */ = {isa = PBXFileReference; lastKnownFileType = image.png; path = 283.png; sourceTree = "<group>"; };
		FA4687181BD07B5700AE2A51 /* 284.png */ = {isa = PBXFileReference; lastKnownFileType = image.png; path = 284.png; sourceTree = "<group>"; };
		FA4687191BD07B5700AE2A51 /* 285.png */ = {isa = PBXFileReference; lastKnownFileType = image.png; path = 285.png; sourceTree = "<group>"; };
		FA46871A1BD07B5700AE2A51 /* 286.png */ = {isa = PBXFileReference; lastKnownFileType = image.png; path = 286.png; sourceTree = "<group>"; };
		FA46871B1BD07B5700AE2A51 /* 287.png */ = {isa = PBXFileReference; lastKnownFileType = image.png; path = 287.png; sourceTree = "<group>"; };
		FA46871C1BD07B5700AE2A51 /* 288.png */ = {isa = PBXFileReference; lastKnownFileType = image.png; path = 288.png; sourceTree = "<group>"; };
		FA46871D1BD07B5700AE2A51 /* 289.png */ = {isa = PBXFileReference; lastKnownFileType = image.png; path = 289.png; sourceTree = "<group>"; };
		FA46871E1BD07B5700AE2A51 /* 290.png */ = {isa = PBXFileReference; lastKnownFileType = image.png; path = 290.png; sourceTree = "<group>"; };
		FA46871F1BD07B5700AE2A51 /* 291.png */ = {isa = PBXFileReference; lastKnownFileType = image.png; path = 291.png; sourceTree = "<group>"; };
		FA4687201BD07B5700AE2A51 /* 292.png */ = {isa = PBXFileReference; lastKnownFileType = image.png; path = 292.png; sourceTree = "<group>"; };
		FA4687211BD07B5700AE2A51 /* 293.png */ = {isa = PBXFileReference; lastKnownFileType = image.png; path = 293.png; sourceTree = "<group>"; };
		FA4687221BD07B5700AE2A51 /* 294.png */ = {isa = PBXFileReference; lastKnownFileType = image.png; path = 294.png; sourceTree = "<group>"; };
		FA4687231BD07B5700AE2A51 /* 295.png */ = {isa = PBXFileReference; lastKnownFileType = image.png; path = 295.png; sourceTree = "<group>"; };
		FA4687241BD07B5700AE2A51 /* 296.png */ = {isa = PBXFileReference; lastKnownFileType = image.png; path = 296.png; sourceTree = "<group>"; };
		FA4687251BD07B5700AE2A51 /* 297.png */ = {isa = PBXFileReference; lastKnownFileType = image.png; path = 297.png; sourceTree = "<group>"; };
		FA4687261BD07B5700AE2A51 /* 298.png */ = {isa = PBXFileReference; lastKnownFileType = image.png; path = 298.png; sourceTree = "<group>"; };
		FA4687271BD07B5700AE2A51 /* 299.png */ = {isa = PBXFileReference; lastKnownFileType = image.png; path = 299.png; sourceTree = "<group>"; };
		FA4687281BD07B5700AE2A51 /* 300.png */ = {isa = PBXFileReference; lastKnownFileType = image.png; path = 300.png; sourceTree = "<group>"; };
		FA4687291BD07B5700AE2A51 /* 301.png */ = {isa = PBXFileReference; lastKnownFileType = image.png; path = 301.png; sourceTree = "<group>"; };
		FA46872A1BD07B5700AE2A51 /* 302.png */ = {isa = PBXFileReference; lastKnownFileType = image.png; path = 302.png; sourceTree = "<group>"; };
		FA46872B1BD07B5700AE2A51 /* 303.png */ = {isa = PBXFileReference; lastKnownFileType = image.png; path = 303.png; sourceTree = "<group>"; };
		FA46872C1BD07B5700AE2A51 /* 304.png */ = {isa = PBXFileReference; lastKnownFileType = image.png; path = 304.png; sourceTree = "<group>"; };
		FA46872D1BD07B5700AE2A51 /* 305.png */ = {isa = PBXFileReference; lastKnownFileType = image.png; path = 305.png; sourceTree = "<group>"; };
		FA46872E1BD07B5700AE2A51 /* 306.png */ = {isa = PBXFileReference; lastKnownFileType = image.png; path = 306.png; sourceTree = "<group>"; };
		FA46872F1BD07B5700AE2A51 /* 307.png */ = {isa = PBXFileReference; lastKnownFileType = image.png; path = 307.png; sourceTree = "<group>"; };
		FA4687301BD07B5700AE2A51 /* 308.png */ = {isa = PBXFileReference; lastKnownFileType = image.png; path = 308.png; sourceTree = "<group>"; };
		FA4687311BD07B5700AE2A51 /* 309.png */ = {isa = PBXFileReference; lastKnownFileType = image.png; path = 309.png; sourceTree = "<group>"; };
		FA4687321BD07B5700AE2A51 /* 310.png */ = {isa = PBXFileReference; lastKnownFileType = image.png; path = 310.png; sourceTree = "<group>"; };
		FA4687331BD07B5700AE2A51 /* 311.png */ = {isa = PBXFileReference; lastKnownFileType = image.png; path = 311.png; sourceTree = "<group>"; };
		FA4687341BD07B5700AE2A51 /* 312.png */ = {isa = PBXFileReference; lastKnownFileType = image.png; path = 312.png; sourceTree = "<group>"; };
		FA4687351BD07B5700AE2A51 /* 313.png */ = {isa = PBXFileReference; lastKnownFileType = image.png; path = 313.png; sourceTree = "<group>"; };
		FA4687361BD07B5700AE2A51 /* 314.png */ = {isa = PBXFileReference; lastKnownFileType = image.png; path = 314.png; sourceTree = "<group>"; };
		FA4687371BD07B5700AE2A51 /* 315.png */ = {isa = PBXFileReference; lastKnownFileType = image.png; path = 315.png; sourceTree = "<group>"; };
		FA4687381BD07B5700AE2A51 /* 316.png */ = {isa = PBXFileReference; lastKnownFileType = image.png; path = 316.png; sourceTree = "<group>"; };
		FA4687391BD07B5700AE2A51 /* 317.png */ = {isa = PBXFileReference; lastKnownFileType = image.png; path = 317.png; sourceTree = "<group>"; };
		FA46873A1BD07B5700AE2A51 /* 318.png */ = {isa = PBXFileReference; lastKnownFileType = image.png; path = 318.png; sourceTree = "<group>"; };
		FA46873B1BD07B5700AE2A51 /* 319.png */ = {isa = PBXFileReference; lastKnownFileType = image.png; path = 319.png; sourceTree = "<group>"; };
		FA46873C1BD07B5700AE2A51 /* 320.png */ = {isa = PBXFileReference; lastKnownFileType = image.png; path = 320.png; sourceTree = "<group>"; };
		FA46873D1BD07B5700AE2A51 /* 321.png */ = {isa = PBXFileReference; lastKnownFileType = image.png; path = 321.png; sourceTree = "<group>"; };
		FA46873E1BD07B5700AE2A51 /* 322.png */ = {isa = PBXFileReference; lastKnownFileType = image.png; path = 322.png; sourceTree = "<group>"; };
		FA46873F1BD07B5700AE2A51 /* 323.png */ = {isa = PBXFileReference; lastKnownFileType = image.png; path = 323.png; sourceTree = "<group>"; };
		FA4687401BD07B5700AE2A51 /* 324.png */ = {isa = PBXFileReference; lastKnownFileType = image.png; path = 324.png; sourceTree = "<group>"; };
		FA4687411BD07B5700AE2A51 /* 325.png */ = {isa = PBXFileReference; lastKnownFileType = image.png; path = 325.png; sourceTree = "<group>"; };
		FA4687421BD07B5700AE2A51 /* 326.png */ = {isa = PBXFileReference; lastKnownFileType = image.png; path = 326.png; sourceTree = "<group>"; };
		FA4687431BD07B5700AE2A51 /* 327.png */ = {isa = PBXFileReference; lastKnownFileType = image.png; path = 327.png; sourceTree = "<group>"; };
		FA4687441BD07B5700AE2A51 /* 328.png */ = {isa = PBXFileReference; lastKnownFileType = image.png; path = 328.png; sourceTree = "<group>"; };
		FA4687451BD07B5700AE2A51 /* 329.png */ = {isa = PBXFileReference; lastKnownFileType = image.png; path = 329.png; sourceTree = "<group>"; };
		FA4687461BD07B5700AE2A51 /* 330.png */ = {isa = PBXFileReference; lastKnownFileType = image.png; path = 330.png; sourceTree = "<group>"; };
		FA4687471BD07B5700AE2A51 /* 331.png */ = {isa = PBXFileReference; lastKnownFileType = image.png; path = 331.png; sourceTree = "<group>"; };
		FA4687481BD07B5700AE2A51 /* 332.png */ = {isa = PBXFileReference; lastKnownFileType = image.png; path = 332.png; sourceTree = "<group>"; };
		FA4687491BD07B5700AE2A51 /* 333.png */ = {isa = PBXFileReference; lastKnownFileType = image.png; path = 333.png; sourceTree = "<group>"; };
		FA46874A1BD07B5700AE2A51 /* 334.png */ = {isa = PBXFileReference; lastKnownFileType = image.png; path = 334.png; sourceTree = "<group>"; };
		FA46874B1BD07B5700AE2A51 /* 335.png */ = {isa = PBXFileReference; lastKnownFileType = image.png; path = 335.png; sourceTree = "<group>"; };
		FA46874C1BD07B5700AE2A51 /* 336.png */ = {isa = PBXFileReference; lastKnownFileType = image.png; path = 336.png; sourceTree = "<group>"; };
		FA46874D1BD07B5700AE2A51 /* 337.png */ = {isa = PBXFileReference; lastKnownFileType = image.png; path = 337.png; sourceTree = "<group>"; };
		FA46874E1BD07B5700AE2A51 /* 338.png */ = {isa = PBXFileReference; lastKnownFileType = image.png; path = 338.png; sourceTree = "<group>"; };
		FA46874F1BD07B5700AE2A51 /* 339.png */ = {isa = PBXFileReference; lastKnownFileType = image.png; path = 339.png; sourceTree = "<group>"; };
		FA4687501BD07B5700AE2A51 /* 340.png */ = {isa = PBXFileReference; lastKnownFileType = image.png; path = 340.png; sourceTree = "<group>"; };
		FA4687511BD07B5700AE2A51 /* 341.png */ = {isa = PBXFileReference; lastKnownFileType = image.png; path = 341.png; sourceTree = "<group>"; };
		FA4687521BD07B5700AE2A51 /* 342.png */ = {isa = PBXFileReference; lastKnownFileType = image.png; path = 342.png; sourceTree = "<group>"; };
		FA4687531BD07B5700AE2A51 /* 343.png */ = {isa = PBXFileReference; lastKnownFileType = image.png; path = 343.png; sourceTree = "<group>"; };
		FA4687541BD07B5700AE2A51 /* 668.png */ = {isa = PBXFileReference; lastKnownFileType = image.png; path = 668.png; sourceTree = "<group>"; };
		FA4687551BD07B5700AE2A51 /* 669.png */ = {isa = PBXFileReference; lastKnownFileType = image.png; path = 669.png; sourceTree = "<group>"; };
		FA4687561BD07B5700AE2A51 /* 670.png */ = {isa = PBXFileReference; lastKnownFileType = image.png; path = 670.png; sourceTree = "<group>"; };
		FA4687571BD07B5700AE2A51 /* 671.png */ = {isa = PBXFileReference; lastKnownFileType = image.png; path = 671.png; sourceTree = "<group>"; };
		FA4687581BD07B5700AE2A51 /* 672.png */ = {isa = PBXFileReference; lastKnownFileType = image.png; path = 672.png; sourceTree = "<group>"; };
		FA4687591BD07B5700AE2A51 /* 673.png */ = {isa = PBXFileReference; lastKnownFileType = image.png; path = 673.png; sourceTree = "<group>"; };
		FA46875A1BD07B5700AE2A51 /* 677.png */ = {isa = PBXFileReference; lastKnownFileType = image.png; path = 677.png; sourceTree = "<group>"; };
		FA46875B1BD07B5700AE2A51 /* 678.png */ = {isa = PBXFileReference; lastKnownFileType = image.png; path = 678.png; sourceTree = "<group>"; };
		FA46875C1BD07B5700AE2A51 /* 679.png */ = {isa = PBXFileReference; lastKnownFileType = image.png; path = 679.png; sourceTree = "<group>"; };
		FA46875D1BD07B5700AE2A51 /* 680.png */ = {isa = PBXFileReference; lastKnownFileType = image.png; path = 680.png; sourceTree = "<group>"; };
		FA46875E1BD07B5700AE2A51 /* 681.png */ = {isa = PBXFileReference; lastKnownFileType = image.png; path = 681.png; sourceTree = "<group>"; };
		FA46875F1BD07B5700AE2A51 /* 682.png */ = {isa = PBXFileReference; lastKnownFileType = image.png; path = 682.png; sourceTree = "<group>"; };
		FA4687601BD07B5700AE2A51 /* 683.png */ = {isa = PBXFileReference; lastKnownFileType = image.png; path = 683.png; sourceTree = "<group>"; };
		FA4687611BD07B5700AE2A51 /* 684.png */ = {isa = PBXFileReference; lastKnownFileType = image.png; path = 684.png; sourceTree = "<group>"; };
		FA4687621BD07B5700AE2A51 /* 685.png */ = {isa = PBXFileReference; lastKnownFileType = image.png; path = 685.png; sourceTree = "<group>"; };
		FA4687631BD07B5700AE2A51 /* 687.png */ = {isa = PBXFileReference; lastKnownFileType = image.png; path = 687.png; sourceTree = "<group>"; };
		FA4687651BD07B5700AE2A51 /* FMDatabase.h */ = {isa = PBXFileReference; fileEncoding = 4; lastKnownFileType = sourcecode.c.h; path = FMDatabase.h; sourceTree = "<group>"; };
		FA4687661BD07B5700AE2A51 /* FMDatabase.m */ = {isa = PBXFileReference; fileEncoding = 4; lastKnownFileType = sourcecode.c.objc; path = FMDatabase.m; sourceTree = "<group>"; };
		FA4687671BD07B5700AE2A51 /* FMDatabaseAdditions.h */ = {isa = PBXFileReference; fileEncoding = 4; lastKnownFileType = sourcecode.c.h; path = FMDatabaseAdditions.h; sourceTree = "<group>"; };
		FA4687681BD07B5700AE2A51 /* FMDatabaseAdditions.m */ = {isa = PBXFileReference; fileEncoding = 4; lastKnownFileType = sourcecode.c.objc; path = FMDatabaseAdditions.m; sourceTree = "<group>"; };
		FA4687691BD07B5700AE2A51 /* FMDatabasePool.h */ = {isa = PBXFileReference; fileEncoding = 4; lastKnownFileType = sourcecode.c.h; path = FMDatabasePool.h; sourceTree = "<group>"; };
		FA46876A1BD07B5700AE2A51 /* FMDatabasePool.m */ = {isa = PBXFileReference; fileEncoding = 4; lastKnownFileType = sourcecode.c.objc; path = FMDatabasePool.m; sourceTree = "<group>"; };
		FA46876B1BD07B5700AE2A51 /* FMDatabaseQueue.h */ = {isa = PBXFileReference; fileEncoding = 4; lastKnownFileType = sourcecode.c.h; path = FMDatabaseQueue.h; sourceTree = "<group>"; };
		FA46876C1BD07B5700AE2A51 /* FMDatabaseQueue.m */ = {isa = PBXFileReference; fileEncoding = 4; lastKnownFileType = sourcecode.c.objc; path = FMDatabaseQueue.m; sourceTree = "<group>"; };
		FA46876D1BD07B5700AE2A51 /* FMResultSet.h */ = {isa = PBXFileReference; fileEncoding = 4; lastKnownFileType = sourcecode.c.h; path = FMResultSet.h; sourceTree = "<group>"; };
		FA46876E1BD07B5700AE2A51 /* FMResultSet.m */ = {isa = PBXFileReference; fileEncoding = 4; lastKnownFileType = sourcecode.c.objc; path = FMResultSet.m; sourceTree = "<group>"; };
		FA46876F1BD07B5700AE2A51 /* data.sqlite */ = {isa = PBXFileReference; lastKnownFileType = file; path = data.sqlite; sourceTree = "<group>"; };
		FA4688131BD08B3D00AE2A51 /* libsqlite3.tbd */ = {isa = PBXFileReference; lastKnownFileType = "sourcecode.text-based-dylib-definition"; name = libsqlite3.tbd; path = usr/lib/libsqlite3.tbd; sourceTree = SDKROOT; };
		FA4688151BD08BDE00AE2A51 /* MyDataManager.h */ = {isa = PBXFileReference; fileEncoding = 4; lastKnownFileType = sourcecode.c.h; path = MyDataManager.h; sourceTree = "<group>"; };
		FA4688161BD08BDE00AE2A51 /* MyDataManager.m */ = {isa = PBXFileReference; fileEncoding = 4; lastKnownFileType = sourcecode.c.objc; path = MyDataManager.m; sourceTree = "<group>"; };
		FA4688181BD0902F00AE2A51 /* TestSelectModel.h */ = {isa = PBXFileReference; fileEncoding = 4; lastKnownFileType = sourcecode.c.h; path = TestSelectModel.h; sourceTree = "<group>"; };
		FA4688191BD0902F00AE2A51 /* TestSelectModel.m */ = {isa = PBXFileReference; fileEncoding = 4; lastKnownFileType = sourcecode.c.objc; path = TestSelectModel.m; sourceTree = "<group>"; };
		FA46881B1BD09EA400AE2A51 /* AnswerScrollView.h */ = {isa = PBXFileReference; fileEncoding = 4; lastKnownFileType = sourcecode.c.h; path = AnswerScrollView.h; sourceTree = "<group>"; };
		FA46881C1BD09EA400AE2A51 /* AnswerScrollView.m */ = {isa = PBXFileReference; fileEncoding = 4; lastKnownFileType = sourcecode.c.objc; path = AnswerScrollView.m; sourceTree = "<group>"; };
		FA46881E1BD0A49600AE2A51 /* AnswerTableViewCell.h */ = {isa = PBXFileReference; fileEncoding = 4; lastKnownFileType = sourcecode.c.h; path = AnswerTableViewCell.h; sourceTree = "<group>"; };
		FA46881F1BD0A49600AE2A51 /* AnswerTableViewCell.m */ = {isa = PBXFileReference; fileEncoding = 4; lastKnownFileType = sourcecode.c.objc; path = AnswerTableViewCell.m; sourceTree = "<group>"; };
		FA4688201BD0A49600AE2A51 /* AnswerTableViewCell.xib */ = {isa = PBXFileReference; fileEncoding = 4; lastKnownFileType = file.xib; path = AnswerTableViewCell.xib; sourceTree = "<group>"; };
		FA4688231BD0A9A100AE2A51 /* AnswerViewController.h */ = {isa = PBXFileReference; fileEncoding = 4; lastKnownFileType = sourcecode.c.h; path = AnswerViewController.h; sourceTree = "<group>"; };
		FA4688241BD0A9A100AE2A51 /* AnswerViewController.m */ = {isa = PBXFileReference; fileEncoding = 4; lastKnownFileType = sourcecode.c.objc; path = AnswerViewController.m; sourceTree = "<group>"; };
		FA4688261BD0DEB000AE2A51 /* AnswerModel.h */ = {isa = PBXFileReference; fileEncoding = 4; lastKnownFileType = sourcecode.c.h; path = AnswerModel.h; sourceTree = "<group>"; };
		FA4688271BD0DEB000AE2A51 /* AnswerModel.m */ = {isa = PBXFileReference; fileEncoding = 4; lastKnownFileType = sourcecode.c.objc; path = AnswerModel.m; sourceTree = "<group>"; };
		FA8F08511BD0EDF4004EA315 /* Tools.h */ = {isa = PBXFileReference; fileEncoding = 4; lastKnownFileType = sourcecode.c.h; path = Tools.h; sourceTree = "<group>"; };
		FA8F08521BD0EDF4004EA315 /* Tools.m */ = {isa = PBXFileReference; fileEncoding = 4; lastKnownFileType = sourcecode.c.objc; path = Tools.m; sourceTree = "<group>"; };
		FA8F08541BD1D903004EA315 /* SubjectTwoViewController.h */ = {isa = PBXFileReference; fileEncoding = 4; lastKnownFileType = sourcecode.c.h; path = SubjectTwoViewController.h; sourceTree = "<group>"; };
		FA8F08551BD1D903004EA315 /* SubjectTwoViewController.m */ = {isa = PBXFileReference; fileEncoding = 4; lastKnownFileType = sourcecode.c.objc; path = SubjectTwoViewController.m; sourceTree = "<group>"; };
		FA8F08571BD1D9D2004EA315 /* SubjectTwoTableViewCell.h */ = {isa = PBXFileReference; fileEncoding = 4; lastKnownFileType = sourcecode.c.h; path = SubjectTwoTableViewCell.h; sourceTree = "<group>"; };
		FA8F08581BD1D9D2004EA315 /* SubjectTwoTableViewCell.m */ = {isa = PBXFileReference; fileEncoding = 4; lastKnownFileType = sourcecode.c.objc; path = SubjectTwoTableViewCell.m; sourceTree = "<group>"; };
		FA8F08591BD1D9D2004EA315 /* SubjectTwoTableViewCell.xib */ = {isa = PBXFileReference; fileEncoding = 4; lastKnownFileType = file.xib; path = SubjectTwoTableViewCell.xib; sourceTree = "<group>"; };
		FA8F08631BD1F9F5004EA315 /* WebViewController.h */ = {isa = PBXFileReference; fileEncoding = 4; lastKnownFileType = sourcecode.c.h; path = WebViewController.h; sourceTree = "<group>"; };
		FA8F08641BD1F9F5004EA315 /* WebViewController.m */ = {isa = PBXFileReference; fileEncoding = 4; lastKnownFileType = sourcecode.c.objc; path = WebViewController.m; sourceTree = "<group>"; };
/* End PBXFileReference section */

/* Begin PBXFrameworksBuildPhase section */
		FA4686911BCF6CEF00AE2A51 /* Frameworks */ = {
			isa = PBXFrameworksBuildPhase;
			buildActionMask = 2147483647;
			files = (
				FA4688141BD08B3D00AE2A51 /* libsqlite3.tbd in Frameworks */,
			);
			runOnlyForDeploymentPostprocessing = 0;
		};
/* End PBXFrameworksBuildPhase section */

/* Begin PBXGroup section */
		FA46868B1BCF6CEF00AE2A51 = {
			isa = PBXGroup;
			children = (
				FA4688131BD08B3D00AE2A51 /* libsqlite3.tbd */,
				FA4686961BCF6CEF00AE2A51 /* 教考助手 */,
				FA4686951BCF6CEF00AE2A51 /* Products */,
			);
			sourceTree = "<group>";
		};
		FA4686951BCF6CEF00AE2A51 /* Products */ = {
			isa = PBXGroup;
			children = (
				FA4686941BCF6CEF00AE2A51 /* 教考助手.app */,
			);
			name = Products;
			sourceTree = "<group>";
		};
		FA4686961BCF6CEF00AE2A51 /* 教考助手 */ = {
			isa = PBXGroup;
			children = (
				FA4686C51BD07B0000AE2A51 /* libs */,
				FA4686C31BCFE92000AE2A51 /* Controller */,
				FA4686C11BCFE91000AE2A51 /* Model */,
				FA4686C21BCFE91500AE2A51 /* View */,
				FA46869A1BCF6CEF00AE2A51 /* AppDelegate.h */,
				FA46869B1BCF6CEF00AE2A51 /* AppDelegate.m */,
				FA8F08511BD0EDF4004EA315 /* Tools.h */,
				FA8F08521BD0EDF4004EA315 /* Tools.m */,
				FA4686A01BCF6CEF00AE2A51 /* Main.storyboard */,
				FA4686A31BCF6CEF00AE2A51 /* Assets.xcassets */,
				FA4686A51BCF6CEF00AE2A51 /* LaunchScreen.storyboard */,
				FA4686A81BCF6CEF00AE2A51 /* Info.plist */,
				FA4686971BCF6CEF00AE2A51 /* Supporting Files */,
			);
			path = "教考助手";
			sourceTree = "<group>";
		};
		FA4686971BCF6CEF00AE2A51 /* Supporting Files */ = {
			isa = PBXGroup;
			children = (
				FA4686981BCF6CEF00AE2A51 /* main.m */,
			);
			name = "Supporting Files";
			sourceTree = "<group>";
		};
		FA4686C11BCFE91000AE2A51 /* Model */ = {
			isa = PBXGroup;
			children = (
				FA4688151BD08BDE00AE2A51 /* MyDataManager.h */,
				FA4688161BD08BDE00AE2A51 /* MyDataManager.m */,
				FA4688181BD0902F00AE2A51 /* TestSelectModel.h */,
				FA4688191BD0902F00AE2A51 /* TestSelectModel.m */,
				FA4688261BD0DEB000AE2A51 /* AnswerModel.h */,
				FA4688271BD0DEB000AE2A51 /* AnswerModel.m */,
			);
			name = Model;
			sourceTree = "<group>";
		};
		FA4686C21BCFE91500AE2A51 /* View */ = {
			isa = PBXGroup;
			children = (
				FA4686AE1BCFA77900AE2A51 /* SelectView.h */,
				FA4686AF1BCFA77900AE2A51 /* SelectView.m */,
				FA46881B1BD09EA400AE2A51 /* AnswerScrollView.h */,
				FA46881C1BD09EA400AE2A51 /* AnswerScrollView.m */,
				FA1C5CAA1BD485690047A2D5 /* SelectModelView.h */,
				FA1C5CAB1BD485690047A2D5 /* SelectModelView.m */,
				FA1C5CAD1BD49BDE0047A2D5 /* SheetView.h */,
				FA1C5CAE1BD49BDE0047A2D5 /* SheetView.m */,
				FA4686C41BCFE92C00AE2A51 /* cell */,
			);
			name = View;
			sourceTree = "<group>";
		};
		FA4686C31BCFE92000AE2A51 /* Controller */ = {
			isa = PBXGroup;
			children = (
				FA46869D1BCF6CEF00AE2A51 /* ViewController.h */,
				FA46869E1BCF6CEF00AE2A51 /* ViewController.m */,
				FA4686B11BCFB33300AE2A51 /* FirstViewController.h */,
				FA4686B21BCFB33300AE2A51 /* FirstViewController.m */,
				FA4686B91BCFDA7100AE2A51 /* TestSelectViewController.h */,
				FA4686BA1BCFDA7100AE2A51 /* TestSelectViewController.m */,
				FA4688231BD0A9A100AE2A51 /* AnswerViewController.h */,
				FA4688241BD0A9A100AE2A51 /* AnswerViewController.m */,
				FA8F08541BD1D903004EA315 /* SubjectTwoViewController.h */,
				FA8F08551BD1D903004EA315 /* SubjectTwoViewController.m */,
				FA8F08631BD1F9F5004EA315 /* WebViewController.h */,
				FA8F08641BD1F9F5004EA315 /* WebViewController.m */,
			);
			name = Controller;
			sourceTree = "<group>";
		};
		FA4686C41BCFE92C00AE2A51 /* cell */ = {
			isa = PBXGroup;
			children = (
				FA4686B41BCFB7BD00AE2A51 /* FirstTableViewCell.h */,
				FA4686B51BCFB7BD00AE2A51 /* FirstTableViewCell.m */,
				FA4686B61BCFB7BD00AE2A51 /* FirstTableViewCell.xib */,
				FA4686BC1BCFE15600AE2A51 /* TestSelectTableViewCell.h */,
				FA4686BD1BCFE15600AE2A51 /* TestSelectTableViewCell.m */,
				FA4686BE1BCFE15600AE2A51 /* TestSelectTableViewCell.xib */,
				FA46881E1BD0A49600AE2A51 /* AnswerTableViewCell.h */,
				FA46881F1BD0A49600AE2A51 /* AnswerTableViewCell.m */,
				FA4688201BD0A49600AE2A51 /* AnswerTableViewCell.xib */,
				FA8F08571BD1D9D2004EA315 /* SubjectTwoTableViewCell.h */,
				FA8F08581BD1D9D2004EA315 /* SubjectTwoTableViewCell.m */,
				FA8F08591BD1D9D2004EA315 /* SubjectTwoTableViewCell.xib */,
			);
			name = cell;
			sourceTree = "<group>";
		};
		FA4686C51BD07B0000AE2A51 /* libs */ = {
			isa = PBXGroup;
			children = (
				FA4686C61BD07B5700AE2A51 /* 320_480 */,
				FA4687641BD07B5700AE2A51 /* fmdb */,
				FA46876F1BD07B5700AE2A51 /* data.sqlite */,
			);
			name = libs;
			sourceTree = "<group>";
		};
		FA4686C61BD07B5700AE2A51 /* 320_480 */ = {
			isa = PBXGroup;
			children = (
				FA4686C71BD07B5700AE2A51 /* 203.png */,
				FA4686C81BD07B5700AE2A51 /* 204.png */,
				FA4686C91BD07B5700AE2A51 /* 205.png */,
				FA4686CA1BD07B5700AE2A51 /* 206.png */,
				FA4686CB1BD07B5700AE2A51 /* 207.png */,
				FA4686CC1BD07B5700AE2A51 /* 208.png */,
				FA4686CD1BD07B5700AE2A51 /* 209.png */,
				FA4686CE1BD07B5700AE2A51 /* 210.png */,
				FA4686CF1BD07B5700AE2A51 /* 211.png */,
				FA4686D01BD07B5700AE2A51 /* 212.png */,
				FA4686D11BD07B5700AE2A51 /* 213.png */,
				FA4686D21BD07B5700AE2A51 /* 214.png */,
				FA4686D31BD07B5700AE2A51 /* 215.png */,
				FA4686D41BD07B5700AE2A51 /* 216.png */,
				FA4686D51BD07B5700AE2A51 /* 217.png */,
				FA4686D61BD07B5700AE2A51 /* 218.png */,
				FA4686D71BD07B5700AE2A51 /* 219.png */,
				FA4686D81BD07B5700AE2A51 /* 220.png */,
				FA4686D91BD07B5700AE2A51 /* 221.png */,
				FA4686DA1BD07B5700AE2A51 /* 222.png */,
				FA4686DB1BD07B5700AE2A51 /* 223.png */,
				FA4686DC1BD07B5700AE2A51 /* 224.png */,
				FA4686DD1BD07B5700AE2A51 /* 225.png */,
				FA4686DE1BD07B5700AE2A51 /* 226.png */,
				FA4686DF1BD07B5700AE2A51 /* 227.png */,
				FA4686E01BD07B5700AE2A51 /* 228.png */,
				FA4686E11BD07B5700AE2A51 /* 229.png */,
				FA4686E21BD07B5700AE2A51 /* 230.png */,
				FA4686E31BD07B5700AE2A51 /* 231.png */,
				FA4686E41BD07B5700AE2A51 /* 232.png */,
				FA4686E51BD07B5700AE2A51 /* 233.png */,
				FA4686E61BD07B5700AE2A51 /* 234.png */,
				FA4686E71BD07B5700AE2A51 /* 235.png */,
				FA4686E81BD07B5700AE2A51 /* 236.png */,
				FA4686E91BD07B5700AE2A51 /* 237.png */,
				FA4686EA1BD07B5700AE2A51 /* 238.png */,
				FA4686EB1BD07B5700AE2A51 /* 239.png */,
				FA4686EC1BD07B5700AE2A51 /* 240.png */,
				FA4686ED1BD07B5700AE2A51 /* 241.png */,
				FA4686EE1BD07B5700AE2A51 /* 242.png */,
				FA4686EF1BD07B5700AE2A51 /* 243.png */,
				FA4686F01BD07B5700AE2A51 /* 244.png */,
				FA4686F11BD07B5700AE2A51 /* 245.png */,
				FA4686F21BD07B5700AE2A51 /* 246.png */,
				FA4686F31BD07B5700AE2A51 /* 247.png */,
				FA4686F41BD07B5700AE2A51 /* 248.png */,
				FA4686F51BD07B5700AE2A51 /* 249.png */,
				FA4686F61BD07B5700AE2A51 /* 250.png */,
				FA4686F71BD07B5700AE2A51 /* 251.png */,
				FA4686F81BD07B5700AE2A51 /* 252.png */,
				FA4686F91BD07B5700AE2A51 /* 253.png */,
				FA4686FA1BD07B5700AE2A51 /* 254.png */,
				FA4686FB1BD07B5700AE2A51 /* 255.png */,
				FA4686FC1BD07B5700AE2A51 /* 256.png */,
				FA4686FD1BD07B5700AE2A51 /* 257.png */,
				FA4686FE1BD07B5700AE2A51 /* 258.png */,
				FA4686FF1BD07B5700AE2A51 /* 259.png */,
				FA4687001BD07B5700AE2A51 /* 260.png */,
				FA4687011BD07B5700AE2A51 /* 261.png */,
				FA4687021BD07B5700AE2A51 /* 262.png */,
				FA4687031BD07B5700AE2A51 /* 263.png */,
				FA4687041BD07B5700AE2A51 /* 264.png */,
				FA4687051BD07B5700AE2A51 /* 265.png */,
				FA4687061BD07B5700AE2A51 /* 266.png */,
				FA4687071BD07B5700AE2A51 /* 267.png */,
				FA4687081BD07B5700AE2A51 /* 268.png */,
				FA4687091BD07B5700AE2A51 /* 269.png */,
				FA46870A1BD07B5700AE2A51 /* 270.png */,
				FA46870B1BD07B5700AE2A51 /* 271.png */,
				FA46870C1BD07B5700AE2A51 /* 272.png */,
				FA46870D1BD07B5700AE2A51 /* 273.png */,
				FA46870E1BD07B5700AE2A51 /* 274.png */,
				FA46870F1BD07B5700AE2A51 /* 275.png */,
				FA4687101BD07B5700AE2A51 /* 276.png */,
				FA4687111BD07B5700AE2A51 /* 277.png */,
				FA4687121BD07B5700AE2A51 /* 278.png */,
				FA4687131BD07B5700AE2A51 /* 279.png */,
				FA4687141BD07B5700AE2A51 /* 280.png */,
				FA4687151BD07B5700AE2A51 /* 281.png */,
				FA4687161BD07B5700AE2A51 /* 282.png */,
				FA4687171BD07B5700AE2A51 /* 283.png */,
				FA4687181BD07B5700AE2A51 /* 284.png */,
				FA4687191BD07B5700AE2A51 /* 285.png */,
				FA46871A1BD07B5700AE2A51 /* 286.png */,
				FA46871B1BD07B5700AE2A51 /* 287.png */,
				FA46871C1BD07B5700AE2A51 /* 288.png */,
				FA46871D1BD07B5700AE2A51 /* 289.png */,
				FA46871E1BD07B5700AE2A51 /* 290.png */,
				FA46871F1BD07B5700AE2A51 /* 291.png */,
				FA4687201BD07B5700AE2A51 /* 292.png */,
				FA4687211BD07B5700AE2A51 /* 293.png */,
				FA4687221BD07B5700AE2A51 /* 294.png */,
				FA4687231BD07B5700AE2A51 /* 295.png */,
				FA4687241BD07B5700AE2A51 /* 296.png */,
				FA4687251BD07B5700AE2A51 /* 297.png */,
				FA4687261BD07B5700AE2A51 /* 298.png */,
				FA4687271BD07B5700AE2A51 /* 299.png */,
				FA4687281BD07B5700AE2A51 /* 300.png */,
				FA4687291BD07B5700AE2A51 /* 301.png */,
				FA46872A1BD07B5700AE2A51 /* 302.png */,
				FA46872B1BD07B5700AE2A51 /* 303.png */,
				FA46872C1BD07B5700AE2A51 /* 304.png */,
				FA46872D1BD07B5700AE2A51 /* 305.png */,
				FA46872E1BD07B5700AE2A51 /* 306.png */,
				FA46872F1BD07B5700AE2A51 /* 307.png */,
				FA4687301BD07B5700AE2A51 /* 308.png */,
				FA4687311BD07B5700AE2A51 /* 309.png */,
				FA4687321BD07B5700AE2A51 /* 310.png */,
				FA4687331BD07B5700AE2A51 /* 311.png */,
				FA4687341BD07B5700AE2A51 /* 312.png */,
				FA4687351BD07B5700AE2A51 /* 313.png */,
				FA4687361BD07B5700AE2A51 /* 314.png */,
				FA4687371BD07B5700AE2A51 /* 315.png */,
				FA4687381BD07B5700AE2A51 /* 316.png */,
				FA4687391BD07B5700AE2A51 /* 317.png */,
				FA46873A1BD07B5700AE2A51 /* 318.png */,
				FA46873B1BD07B5700AE2A51 /* 319.png */,
				FA46873C1BD07B5700AE2A51 /* 320.png */,
				FA46873D1BD07B5700AE2A51 /* 321.png */,
				FA46873E1BD07B5700AE2A51 /* 322.png */,
				FA46873F1BD07B5700AE2A51 /* 323.png */,
				FA4687401BD07B5700AE2A51 /* 324.png */,
				FA4687411BD07B5700AE2A51 /* 325.png */,
				FA4687421BD07B5700AE2A51 /* 326.png */,
				FA4687431BD07B5700AE2A51 /* 327.png */,
				FA4687441BD07B5700AE2A51 /* 328.png */,
				FA4687451BD07B5700AE2A51 /* 329.png */,
				FA4687461BD07B5700AE2A51 /* 330.png */,
				FA4687471BD07B5700AE2A51 /* 331.png */,
				FA4687481BD07B5700AE2A51 /* 332.png */,
				FA4687491BD07B5700AE2A51 /* 333.png */,
				FA46874A1BD07B5700AE2A51 /* 334.png */,
				FA46874B1BD07B5700AE2A51 /* 335.png */,
				FA46874C1BD07B5700AE2A51 /* 336.png */,
				FA46874D1BD07B5700AE2A51 /* 337.png */,
				FA46874E1BD07B5700AE2A51 /* 338.png */,
				FA46874F1BD07B5700AE2A51 /* 339.png */,
				FA4687501BD07B5700AE2A51 /* 340.png */,
				FA4687511BD07B5700AE2A51 /* 341.png */,
				FA4687521BD07B5700AE2A51 /* 342.png */,
				FA4687531BD07B5700AE2A51 /* 343.png */,
				FA4687541BD07B5700AE2A51 /* 668.png */,
				FA4687551BD07B5700AE2A51 /* 669.png */,
				FA4687561BD07B5700AE2A51 /* 670.png */,
				FA4687571BD07B5700AE2A51 /* 671.png */,
				FA4687581BD07B5700AE2A51 /* 672.png */,
				FA4687591BD07B5700AE2A51 /* 673.png */,
				FA46875A1BD07B5700AE2A51 /* 677.png */,
				FA46875B1BD07B5700AE2A51 /* 678.png */,
				FA46875C1BD07B5700AE2A51 /* 679.png */,
				FA46875D1BD07B5700AE2A51 /* 680.png */,
				FA46875E1BD07B5700AE2A51 /* 681.png */,
				FA46875F1BD07B5700AE2A51 /* 682.png */,
				FA4687601BD07B5700AE2A51 /* 683.png */,
				FA4687611BD07B5700AE2A51 /* 684.png */,
				FA4687621BD07B5700AE2A51 /* 685.png */,
				FA4687631BD07B5700AE2A51 /* 687.png */,
			);
			path = 320_480;
			sourceTree = "<group>";
		};
		FA4687641BD07B5700AE2A51 /* fmdb */ = {
			isa = PBXGroup;
			children = (
				FA4687651BD07B5700AE2A51 /* FMDatabase.h */,
				FA4687661BD07B5700AE2A51 /* FMDatabase.m */,
				FA4687671BD07B5700AE2A51 /* FMDatabaseAdditions.h */,
				FA4687681BD07B5700AE2A51 /* FMDatabaseAdditions.m */,
				FA4687691BD07B5700AE2A51 /* FMDatabasePool.h */,
				FA46876A1BD07B5700AE2A51 /* FMDatabasePool.m */,
				FA46876B1BD07B5700AE2A51 /* FMDatabaseQueue.h */,
				FA46876C1BD07B5700AE2A51 /* FMDatabaseQueue.m */,
				FA46876D1BD07B5700AE2A51 /* FMResultSet.h */,
				FA46876E1BD07B5700AE2A51 /* FMResultSet.m */,
			);
			path = fmdb;
			sourceTree = "<group>";
		};
/* End PBXGroup section */

/* Begin PBXNativeTarget section */
		FA4686931BCF6CEF00AE2A51 /* 教考助手 */ = {
			isa = PBXNativeTarget;
			buildConfigurationList = FA4686AB1BCF6CEF00AE2A51 /* Build configuration list for PBXNativeTarget "教考助手" */;
			buildPhases = (
				FA4686901BCF6CEF00AE2A51 /* Sources */,
				FA4686911BCF6CEF00AE2A51 /* Frameworks */,
				FA4686921BCF6CEF00AE2A51 /* Resources */,
			);
			buildRules = (
			);
			dependencies = (
			);
			name = "教考助手";
			productName = "教考助手";
			productReference = FA4686941BCF6CEF00AE2A51 /* 教考助手.app */;
			productType = "com.apple.product-type.application";
		};
/* End PBXNativeTarget section */

/* Begin PBXProject section */
		FA46868C1BCF6CEF00AE2A51 /* Project object */ = {
			isa = PBXProject;
			attributes = {
				LastUpgradeCheck = 0700;
				ORGANIZATIONNAME = Alex;
				TargetAttributes = {
					FA4686931BCF6CEF00AE2A51 = {
						CreatedOnToolsVersion = 7.0.1;
					};
				};
			};
			buildConfigurationList = FA46868F1BCF6CEF00AE2A51 /* Build configuration list for PBXProject "教考助手" */;
			compatibilityVersion = "Xcode 3.2";
			developmentRegion = English;
			hasScannedForEncodings = 0;
			knownRegions = (
				en,
				Base,
			);
			mainGroup = FA46868B1BCF6CEF00AE2A51;
			productRefGroup = FA4686951BCF6CEF00AE2A51 /* Products */;
			projectDirPath = "";
			projectRoot = "";
			targets = (
				FA4686931BCF6CEF00AE2A51 /* 教考助手 */,
			);
		};
/* End PBXProject section */

/* Begin PBXResourcesBuildPhase section */
		FA4686921BCF6CEF00AE2A51 /* Resources */ = {
			isa = PBXResourcesBuildPhase;
			buildActionMask = 2147483647;
			files = (
				FA4687EB1BD07B5700AE2A51 /* 326.png in Resources */,
				FA4687E81BD07B5700AE2A51 /* 323.png in Resources */,
				FA4687A61BD07B5700AE2A51 /* 257.png in Resources */,
				FA4687C61BD07B5700AE2A51 /* 289.png in Resources */,
				FA4687951BD07B5700AE2A51 /* 240.png in Resources */,
				FA4687941BD07B5700AE2A51 /* 239.png in Resources */,
				FA4687B21BD07B5700AE2A51 /* 269.png in Resources */,
				FA4687E41BD07B5700AE2A51 /* 319.png in Resources */,
				FA4687FC1BD07B5700AE2A51 /* 343.png in Resources */,
				FA4687AB1BD07B5700AE2A51 /* 262.png in Resources */,
				FA4687A71BD07B5700AE2A51 /* 258.png in Resources */,
				FA46877A1BD07B5700AE2A51 /* 213.png in Resources */,
				FA4687F81BD07B5700AE2A51 /* 339.png in Resources */,
				FA4687891BD07B5700AE2A51 /* 228.png in Resources */,
				FA46879F1BD07B5700AE2A51 /* 250.png in Resources */,
				FA4688011BD07B5700AE2A51 /* 672.png in Resources */,
				FA4687C41BD07B5700AE2A51 /* 287.png in Resources */,
				FA4687C11BD07B5700AE2A51 /* 284.png in Resources */,
				FA4688051BD07B5700AE2A51 /* 679.png in Resources */,
				FA4687B11BD07B5700AE2A51 /* 268.png in Resources */,
				FA4687871BD07B5700AE2A51 /* 226.png in Resources */,
				FA4687D11BD07B5700AE2A51 /* 300.png in Resources */,
				FA4688081BD07B5700AE2A51 /* 682.png in Resources */,
				FA4687911BD07B5700AE2A51 /* 236.png in Resources */,
				FA4687F21BD07B5700AE2A51 /* 333.png in Resources */,
				FA4687C31BD07B5700AE2A51 /* 286.png in Resources */,
				FA46879D1BD07B5700AE2A51 /* 248.png in Resources */,
				FA4687EA1BD07B5700AE2A51 /* 325.png in Resources */,
				FA4687831BD07B5700AE2A51 /* 222.png in Resources */,
				FA4687751BD07B5700AE2A51 /* 208.png in Resources */,
				FA4687FF1BD07B5700AE2A51 /* 670.png in Resources */,
				FA4687BB1BD07B5700AE2A51 /* 278.png in Resources */,
				FA4687D51BD07B5700AE2A51 /* 304.png in Resources */,
				FA4687841BD07B5700AE2A51 /* 223.png in Resources */,
				FA4686A71BCF6CEF00AE2A51 /* LaunchScreen.storyboard in Resources */,
				FA4687721BD07B5700AE2A51 /* 205.png in Resources */,
				FA46877B1BD07B5700AE2A51 /* 214.png in Resources */,
				FA4688061BD07B5700AE2A51 /* 680.png in Resources */,
				FA4687CA1BD07B5700AE2A51 /* 293.png in Resources */,
				FA4687ED1BD07B5700AE2A51 /* 328.png in Resources */,
				FA4687F41BD07B5700AE2A51 /* 335.png in Resources */,
				FA4687A51BD07B5700AE2A51 /* 256.png in Resources */,
				FA4688091BD07B5700AE2A51 /* 683.png in Resources */,
				FA46879B1BD07B5700AE2A51 /* 246.png in Resources */,
				FA4687791BD07B5700AE2A51 /* 212.png in Resources */,
				FA4687D61BD07B5700AE2A51 /* 305.png in Resources */,
				FA4687AA1BD07B5700AE2A51 /* 261.png in Resources */,
				FA4687C21BD07B5700AE2A51 /* 285.png in Resources */,
				FA4687CF1BD07B5700AE2A51 /* 298.png in Resources */,
				FA46877C1BD07B5700AE2A51 /* 215.png in Resources */,
				FA4687851BD07B5700AE2A51 /* 224.png in Resources */,
				FA4687A01BD07B5700AE2A51 /* 251.png in Resources */,
				FA4687C91BD07B5700AE2A51 /* 292.png in Resources */,
				FA4687EC1BD07B5700AE2A51 /* 327.png in Resources */,
				FA4687BA1BD07B5700AE2A51 /* 277.png in Resources */,
				FA4688031BD07B5700AE2A51 /* 677.png in Resources */,
				FA4687771BD07B5700AE2A51 /* 210.png in Resources */,
				FA46880C1BD07B5700AE2A51 /* 687.png in Resources */,
				FA4687921BD07B5700AE2A51 /* 237.png in Resources */,
				FA4687B41BD07B5700AE2A51 /* 271.png in Resources */,
				FA4687DF1BD07B5700AE2A51 /* 314.png in Resources */,
				FA4688121BD07B5700AE2A51 /* data.sqlite in Resources */,
				FA4687991BD07B5700AE2A51 /* 244.png in Resources */,
				FA4687AD1BD07B5700AE2A51 /* 264.png in Resources */,
				FA4687C81BD07B5700AE2A51 /* 291.png in Resources */,
				FA4687AC1BD07B5700AE2A51 /* 263.png in Resources */,
				FA4687F51BD07B5700AE2A51 /* 336.png in Resources */,
				FA46877E1BD07B5700AE2A51 /* 217.png in Resources */,
				FA46878F1BD07B5700AE2A51 /* 234.png in Resources */,
				FA4688041BD07B5700AE2A51 /* 678.png in Resources */,
				FA46878D1BD07B5700AE2A51 /* 232.png in Resources */,
				FA46879A1BD07B5700AE2A51 /* 245.png in Resources */,
				FA4687781BD07B5700AE2A51 /* 211.png in Resources */,
				FA4687DC1BD07B5700AE2A51 /* 311.png in Resources */,
				FA4687E51BD07B5700AE2A51 /* 320.png in Resources */,
				FA4687801BD07B5700AE2A51 /* 219.png in Resources */,
				FA4687C71BD07B5700AE2A51 /* 290.png in Resources */,
				FA4687DD1BD07B5700AE2A51 /* 312.png in Resources */,
				FA4687BD1BD07B5700AE2A51 /* 280.png in Resources */,
				FA4686C01BCFE15600AE2A51 /* TestSelectTableViewCell.xib in Resources */,
				FA4687D71BD07B5700AE2A51 /* 306.png in Resources */,
				FA4687731BD07B5700AE2A51 /* 206.png in Resources */,
				FA4687F01BD07B5700AE2A51 /* 331.png in Resources */,
				FA4687C01BD07B5700AE2A51 /* 283.png in Resources */,
				FA4687F71BD07B5700AE2A51 /* 338.png in Resources */,
				FA46879C1BD07B5700AE2A51 /* 247.png in Resources */,
				FA4687E31BD07B5700AE2A51 /* 318.png in Resources */,
				FA46879E1BD07B5700AE2A51 /* 249.png in Resources */,
				FA4687F61BD07B5700AE2A51 /* 337.png in Resources */,
				FA4687FE1BD07B5700AE2A51 /* 669.png in Resources */,
				FA4687B81BD07B5700AE2A51 /* 275.png in Resources */,
				FA4687EE1BD07B5700AE2A51 /* 329.png in Resources */,
				FA4686A41BCF6CEF00AE2A51 /* Assets.xcassets in Resources */,
				FA4687F91BD07B5700AE2A51 /* 340.png in Resources */,
				FA4687CD1BD07B5700AE2A51 /* 296.png in Resources */,
				FA4687741BD07B5700AE2A51 /* 207.png in Resources */,
				FA4687CC1BD07B5700AE2A51 /* 295.png in Resources */,
				FA4687CB1BD07B5700AE2A51 /* 294.png in Resources */,
				FA4687E21BD07B5700AE2A51 /* 317.png in Resources */,
				FA4687F31BD07B5700AE2A51 /* 334.png in Resources */,
				FA4687A41BD07B5700AE2A51 /* 255.png in Resources */,
				FA4687821BD07B5700AE2A51 /* 221.png in Resources */,
				FA4687B01BD07B5700AE2A51 /* 267.png in Resources */,
				FA4687931BD07B5700AE2A51 /* 238.png in Resources */,
				FA4687D01BD07B5700AE2A51 /* 299.png in Resources */,
				FA4688001BD07B5700AE2A51 /* 671.png in Resources */,
				FA4687B71BD07B5700AE2A51 /* 274.png in Resources */,
				FA46877D1BD07B5700AE2A51 /* 216.png in Resources */,
				FA4687FD1BD07B5700AE2A51 /* 668.png in Resources */,
				FA4687BF1BD07B5700AE2A51 /* 282.png in Resources */,
				FA4688071BD07B5700AE2A51 /* 681.png in Resources */,
				FA4687AF1BD07B5700AE2A51 /* 266.png in Resources */,
				FA4687B91BD07B5700AE2A51 /* 276.png in Resources */,
				FA4687EF1BD07B5700AE2A51 /* 330.png in Resources */,
				FA4687961BD07B5700AE2A51 /* 241.png in Resources */,
				FA4687A81BD07B5700AE2A51 /* 259.png in Resources */,
				FA4687AE1BD07B5700AE2A51 /* 265.png in Resources */,
				FA4687881BD07B5700AE2A51 /* 227.png in Resources */,
				FA4687DB1BD07B5700AE2A51 /* 310.png in Resources */,
				FA8F085B1BD1D9D2004EA315 /* SubjectTwoTableViewCell.xib in Resources */,
				FA4688221BD0A49600AE2A51 /* AnswerTableViewCell.xib in Resources */,
				FA46878A1BD07B5700AE2A51 /* 229.png in Resources */,
				FA4687701BD07B5700AE2A51 /* 203.png in Resources */,
				FA4687DE1BD07B5700AE2A51 /* 313.png in Resources */,
				FA4686B81BCFB7BD00AE2A51 /* FirstTableViewCell.xib in Resources */,
				FA4687811BD07B5700AE2A51 /* 220.png in Resources */,
				FA4687D31BD07B5700AE2A51 /* 302.png in Resources */,
				FA4687861BD07B5700AE2A51 /* 225.png in Resources */,
				FA46878C1BD07B5700AE2A51 /* 231.png in Resources */,
				FA4687D91BD07B5700AE2A51 /* 308.png in Resources */,
				FA4687E71BD07B5700AE2A51 /* 322.png in Resources */,
				FA4687FA1BD07B5700AE2A51 /* 341.png in Resources */,
				FA4687E01BD07B5700AE2A51 /* 315.png in Resources */,
				FA4688021BD07B5700AE2A51 /* 673.png in Resources */,
				FA4687D41BD07B5700AE2A51 /* 303.png in Resources */,
				FA46878E1BD07B5700AE2A51 /* 233.png in Resources */,
				FA4687FB1BD07B5700AE2A51 /* 342.png in Resources */,
				FA4687B31BD07B5700AE2A51 /* 270.png in Resources */,
				FA4687901BD07B5700AE2A51 /* 235.png in Resources */,
				FA4687761BD07B5700AE2A51 /* 209.png in Resources */,
				FA46877F1BD07B5700AE2A51 /* 218.png in Resources */,
				FA46878B1BD07B5700AE2A51 /* 230.png in Resources */,
				FA4687B51BD07B5700AE2A51 /* 272.png in Resources */,
				FA4687A11BD07B5700AE2A51 /* 252.png in Resources */,
				FA4687D81BD07B5700AE2A51 /* 307.png in Resources */,
				FA4687A31BD07B5700AE2A51 /* 254.png in Resources */,
				FA4687C51BD07B5700AE2A51 /* 288.png in Resources */,
				FA4687E91BD07B5700AE2A51 /* 324.png in Resources */,
				FA4687F11BD07B5700AE2A51 /* 332.png in Resources */,
				FA4687A91BD07B5700AE2A51 /* 260.png in Resources */,
				FA4687D21BD07B5700AE2A51 /* 301.png in Resources */,
				FA4687DA1BD07B5700AE2A51 /* 309.png in Resources */,
				FA4687B61BD07B5700AE2A51 /* 273.png in Resources */,
				FA4687CE1BD07B5700AE2A51 /* 297.png in Resources */,
				FA4687971BD07B5700AE2A51 /* 242.png in Resources */,
				FA4687E61BD07B5700AE2A51 /* 321.png in Resources */,
				FA46880B1BD07B5700AE2A51 /* 685.png in Resources */,
				FA4687A21BD07B5700AE2A51 /* 253.png in Resources */,
				FA4687981BD07B5700AE2A51 /* 243.png in Resources */,
				FA4687E11BD07B5700AE2A51 /* 316.png in Resources */,
				FA4686A21BCF6CEF00AE2A51 /* Main.storyboard in Resources */,
				FA46880A1BD07B5700AE2A51 /* 684.png in Resources */,
				FA4687BE1BD07B5700AE2A51 /* 281.png in Resources */,
				FA4687BC1BD07B5700AE2A51 /* 279.png in Resources */,
				FA4687711BD07B5700AE2A51 /* 204.png in Resources */,
			);
			runOnlyForDeploymentPostprocessing = 0;
		};
/* End PBXResourcesBuildPhase section */

/* Begin PBXSourcesBuildPhase section */
		FA4686901BCF6CEF00AE2A51 /* Sources */ = {
			isa = PBXSourcesBuildPhase;
			buildActionMask = 2147483647;
			files = (
				FA46869F1BCF6CEF00AE2A51 /* ViewController.m in Sources */,
				FA8F085A1BD1D9D2004EA315 /* SubjectTwoTableViewCell.m in Sources */,
				FA46869C1BCF6CEF00AE2A51 /* AppDelegate.m in Sources */,
				FA4688211BD0A49600AE2A51 /* AnswerTableViewCell.m in Sources */,
				FA4686B71BCFB7BD00AE2A51 /* FirstTableViewCell.m in Sources */,
				FA4688171BD08BDE00AE2A51 /* MyDataManager.m in Sources */,
				FA46880D1BD07B5700AE2A51 /* FMDatabase.m in Sources */,
				FA1C5CAF1BD49BDE0047A2D5 /* SheetView.m in Sources */,
				FA4686BB1BCFDA7100AE2A51 /* TestSelectViewController.m in Sources */,
				FA1C5CAC1BD485690047A2D5 /* SelectModelView.m in Sources */,
				FA4688101BD07B5700AE2A51 /* FMDatabaseQueue.m in Sources */,
				FA46881D1BD09EA400AE2A51 /* AnswerScrollView.m in Sources */,
				FA4688111BD07B5700AE2A51 /* FMResultSet.m in Sources */,
				FA46880F1BD07B5700AE2A51 /* FMDatabasePool.m in Sources */,
				FA8F08531BD0EDF4004EA315 /* Tools.m in Sources */,
				FA4686B31BCFB33300AE2A51 /* FirstViewController.m in Sources */,
				FA4688281BD0DEB000AE2A51 /* AnswerModel.m in Sources */,
				FA4686B01BCFA77900AE2A51 /* SelectView.m in Sources */,
				FA4686991BCF6CEF00AE2A51 /* main.m in Sources */,
				FA4686BF1BCFE15600AE2A51 /* TestSelectTableViewCell.m in Sources */,
				FA46880E1BD07B5700AE2A51 /* FMDatabaseAdditions.m in Sources */,
				FA8F08651BD1F9F5004EA315 /* WebViewController.m in Sources */,
				FA4688251BD0A9A100AE2A51 /* AnswerViewController.m in Sources */,
				FA8F08561BD1D903004EA315 /* SubjectTwoViewController.m in Sources */,
				FA46881A1BD0902F00AE2A51 /* TestSelectModel.m in Sources */,
			);
			runOnlyForDeploymentPostprocessing = 0;
		};
/* End PBXSourcesBuildPhase section */

/* Begin PBXVariantGroup section */
		FA4686A01BCF6CEF00AE2A51 /* Main.storyboard */ = {
			isa = PBXVariantGroup;
			children = (
				FA4686A11BCF6CEF00AE2A51 /* Base */,
			);
			name = Main.storyboard;
			sourceTree = "<group>";
		};
		FA4686A51BCF6CEF00AE2A51 /* LaunchScreen.storyboard */ = {
			isa = PBXVariantGroup;
			children = (
				FA4686A61BCF6CEF00AE2A51 /* Base */,
			);
			name = LaunchScreen.storyboard;
			sourceTree = "<group>";
		};
/* End PBXVariantGroup section */

/* Begin XCBuildConfiguration section */
		FA4686A91BCF6CEF00AE2A51 /* Debug */ = {
			isa = XCBuildConfiguration;
			buildSettings = {
				ALWAYS_SEARCH_USER_PATHS = NO;
				CLANG_CXX_LANGUAGE_STANDARD = "gnu++0x";
				CLANG_CXX_LIBRARY = "libc++";
				CLANG_ENABLE_MODULES = YES;
				CLANG_ENABLE_OBJC_ARC = YES;
				CLANG_WARN_BOOL_CONVERSION = YES;
				CLANG_WARN_CONSTANT_CONVERSION = YES;
				CLANG_WARN_DIRECT_OBJC_ISA_USAGE = YES_ERROR;
				CLANG_WARN_EMPTY_BODY = YES;
				CLANG_WARN_ENUM_CONVERSION = YES;
				CLANG_WARN_INT_CONVERSION = YES;
				CLANG_WARN_OBJC_ROOT_CLASS = YES_ERROR;
				CLANG_WARN_UNREACHABLE_CODE = YES;
				CLANG_WARN__DUPLICATE_METHOD_MATCH = YES;
				"CODE_SIGN_IDENTITY[sdk=iphoneos*]" = "iPhone Developer";
				COPY_PHASE_STRIP = NO;
				DEBUG_INFORMATION_FORMAT = dwarf;
				ENABLE_STRICT_OBJC_MSGSEND = YES;
				ENABLE_TESTABILITY = YES;
				GCC_C_LANGUAGE_STANDARD = gnu99;
				GCC_DYNAMIC_NO_PIC = NO;
				GCC_NO_COMMON_BLOCKS = YES;
				GCC_OPTIMIZATION_LEVEL = 0;
				GCC_PREPROCESSOR_DEFINITIONS = (
					"DEBUG=1",
					"$(inherited)",
				);
				GCC_WARN_64_TO_32_BIT_CONVERSION = YES;
				GCC_WARN_ABOUT_RETURN_TYPE = YES_ERROR;
				GCC_WARN_UNDECLARED_SELECTOR = YES;
				GCC_WARN_UNINITIALIZED_AUTOS = YES_AGGRESSIVE;
				GCC_WARN_UNUSED_FUNCTION = YES;
				GCC_WARN_UNUSED_VARIABLE = YES;
				IPHONEOS_DEPLOYMENT_TARGET = 9.0;
				MTL_ENABLE_DEBUG_INFO = YES;
				ONLY_ACTIVE_ARCH = YES;
				SDKROOT = iphoneos;
			};
			name = Debug;
		};
		FA4686AA1BCF6CEF00AE2A51 /* Release */ = {
			isa = XCBuildConfiguration;
			buildSettings = {
				ALWAYS_SEARCH_USER_PATHS = NO;
				CLANG_CXX_LANGUAGE_STANDARD = "gnu++0x";
				CLANG_CXX_LIBRARY = "libc++";
				CLANG_ENABLE_MODULES = YES;
				CLANG_ENABLE_OBJC_ARC = YES;
				CLANG_WARN_BOOL_CONVERSION = YES;
				CLANG_WARN_CONSTANT_CONVERSION = YES;
				CLANG_WARN_DIRECT_OBJC_ISA_USAGE = YES_ERROR;
				CLANG_WARN_EMPTY_BODY = YES;
				CLANG_WARN_ENUM_CONVERSION = YES;
				CLANG_WARN_INT_CONVERSION = YES;
				CLANG_WARN_OBJC_ROOT_CLASS = YES_ERROR;
				CLANG_WARN_UNREACHABLE_CODE = YES;
				CLANG_WARN__DUPLICATE_METHOD_MATCH = YES;
				"CODE_SIGN_IDENTITY[sdk=iphoneos*]" = "iPhone Developer";
				COPY_PHASE_STRIP = NO;
				DEBUG_INFORMATION_FORMAT = "dwarf-with-dsym";
				ENABLE_NS_ASSERTIONS = NO;
				ENABLE_STRICT_OBJC_MSGSEND = YES;
				GCC_C_LANGUAGE_STANDARD = gnu99;
				GCC_NO_COMMON_BLOCKS = YES;
				GCC_WARN_64_TO_32_BIT_CONVERSION = YES;
				GCC_WARN_ABOUT_RETURN_TYPE = YES_ERROR;
				GCC_WARN_UNDECLARED_SELECTOR = YES;
				GCC_WARN_UNINITIALIZED_AUTOS = YES_AGGRESSIVE;
				GCC_WARN_UNUSED_FUNCTION = YES;
				GCC_WARN_UNUSED_VARIABLE = YES;
				IPHONEOS_DEPLOYMENT_TARGET = 9.0;
				MTL_ENABLE_DEBUG_INFO = NO;
				SDKROOT = iphoneos;
				VALIDATE_PRODUCT = YES;
			};
			name = Release;
		};
		FA4686AC1BCF6CEF00AE2A51 /* Debug */ = {
			isa = XCBuildConfiguration;
			buildSettings = {
				ASSETCATALOG_COMPILER_APPICON_NAME = AppIcon;
				ASSETCATALOG_COMPILER_LAUNCHIMAGE_NAME = BrandAsset;
				INFOPLIST_FILE = "教考助手/Info.plist";
				IPHONEOS_DEPLOYMENT_TARGET = 7.0;
				LD_RUNPATH_SEARCH_PATHS = "$(inherited) @executable_path/Frameworks";
				PRODUCT_BUNDLE_IDENTIFIER = "com.Alex.----";
				PRODUCT_NAME = "$(TARGET_NAME)";
			};
			name = Debug;
		};
		FA4686AD1BCF6CEF00AE2A51 /* Release */ = {
			isa = XCBuildConfiguration;
			buildSettings = {
				ASSETCATALOG_COMPILER_APPICON_NAME = AppIcon;
				ASSETCATALOG_COMPILER_LAUNCHIMAGE_NAME = BrandAsset;
				INFOPLIST_FILE = "教考助手/Info.plist";
				IPHONEOS_DEPLOYMENT_TARGET = 7.0;
				LD_RUNPATH_SEARCH_PATHS = "$(inherited) @executable_path/Frameworks";
				PRODUCT_BUNDLE_IDENTIFIER = "com.Alex.----";
				PRODUCT_NAME = "$(TARGET_NAME)";
			};
			name = Release;
		};
/* End XCBuildConfiguration section */

/* Begin XCConfigurationList section */
		FA46868F1BCF6CEF00AE2A51 /* Build configuration list for PBXProject "教考助手" */ = {
			isa = XCConfigurationList;
			buildConfigurations = (
				FA4686A91BCF6CEF00AE2A51 /* Debug */,
				FA4686AA1BCF6CEF00AE2A51 /* Release */,
			);
			defaultConfigurationIsVisible = 0;
			defaultConfigurationName = Release;
		};
		FA4686AB1BCF6CEF00AE2A51 /* Build configuration list for PBXNativeTarget "教考助手" */ = {
			isa = XCConfigurationList;
			buildConfigurations = (
				FA4686AC1BCF6CEF00AE2A51 /* Debug */,
				FA4686AD1BCF6CEF00AE2A51 /* Release */,
			);
			defaultConfigurationIsVisible = 0;
			defaultConfigurationName = Release;
		};
/* End XCConfigurationList section */
	};
	rootObject = FA46868C1BCF6CEF00AE2A51 /* Project object */;
}
